// !$*UTF8*$!
{
	archiveVersion = 1;
	classes = {
	};
	objectVersion = 50;
	objects = {

/* Begin PBXBuildFile section */
		C61080FD20983380001FDDF4 /* AppDelegate.swift in Sources */ = {isa = PBXBuildFile; fileRef = C61080FC20983380001FDDF4 /* AppDelegate.swift */; };
		C61080FF20983380001FDDF4 /* ViewController.swift in Sources */ = {isa = PBXBuildFile; fileRef = C61080FE20983380001FDDF4 /* ViewController.swift */; };
		C610810220983380001FDDF4 /* Main.storyboard in Resources */ = {isa = PBXBuildFile; fileRef = C610810020983380001FDDF4 /* Main.storyboard */; };
		C610810420983380001FDDF4 /* Assets.xcassets in Resources */ = {isa = PBXBuildFile; fileRef = C610810320983380001FDDF4 /* Assets.xcassets */; };
		C610810720983380001FDDF4 /* LaunchScreen.storyboard in Resources */ = {isa = PBXBuildFile; fileRef = C610810520983380001FDDF4 /* LaunchScreen.storyboard */; };
		C610810F2098346D001FDDF4 /* dispColorViewController.swift in Sources */ = {isa = PBXBuildFile; fileRef = C610810E2098346D001FDDF4 /* dispColorViewController.swift */; };
		C61081112098498A001FDDF4 /* subViewController.swift in Sources */ = {isa = PBXBuildFile; fileRef = C61081102098498A001FDDF4 /* subViewController.swift */; };
/* End PBXBuildFile section */

/* Begin PBXFileReference section */
		C61080F920983380001FDDF4 /* 502SingViewApp.app */ = {isa = PBXFileReference; explicitFileType = wrapper.application; includeInIndex = 0; path = 502SingViewApp.app; sourceTree = BUILT_PRODUCTS_DIR; };
		C61080FC20983380001FDDF4 /* AppDelegate.swift */ = {isa = PBXFileReference; lastKnownFileType = sourcecode.swift; path = AppDelegate.swift; sourceTree = "<group>"; };
		C61080FE20983380001FDDF4 /* ViewController.swift */ = {isa = PBXFileReference; lastKnownFileType = sourcecode.swift; path = ViewController.swift; sourceTree = "<group>"; };
		C610810120983380001FDDF4 /* Base */ = {isa = PBXFileReference; lastKnownFileType = file.storyboard; name = Base; path = Base.lproj/Main.storyboard; sourceTree = "<group>"; };
		C610810320983380001FDDF4 /* Assets.xcassets */ = {isa = PBXFileReference; lastKnownFileType = folder.assetcatalog; path = Assets.xcassets; sourceTree = "<group>"; };
		C610810620983380001FDDF4 /* Base */ = {isa = PBXFileReference; lastKnownFileType = file.storyboard; name = Base; path = Base.lproj/LaunchScreen.storyboard; sourceTree = "<group>"; };
		C610810820983380001FDDF4 /* Info.plist */ = {isa = PBXFileReference; lastKnownFileType = text.plist.xml; path = Info.plist; sourceTree = "<group>"; };
		C610810E2098346D001FDDF4 /* dispColorViewController.swift */ = {isa = PBXFileReference; lastKnownFileType = sourcecode.swift; path = dispColorViewController.swift; sourceTree = "<group>"; };
		C61081102098498A001FDDF4 /* subViewController.swift */ = {isa = PBXFileReference; lastKnownFileType = sourcecode.swift; path = subViewController.swift; sourceTree = "<group>"; };
/* End PBXFileReference section */

/* Begin PBXFrameworksBuildPhase section */
		C61080F620983380001FDDF4 /* Frameworks */ = {
			isa = PBXFrameworksBuildPhase;
			buildActionMask = 2147483647;
			files = (
			);
			runOnlyForDeploymentPostprocessing = 0;
		};
/* End PBXFrameworksBuildPhase section */

/* Begin PBXGroup section */
		C61080F020983380001FDDF4 = {
			isa = PBXGroup;
			children = (
				C61080FB20983380001FDDF4 /* 502SingViewApp */,
				C61080FA20983380001FDDF4 /* Products */,
			);
			sourceTree = "<group>";
		};
		C61080FA20983380001FDDF4 /* Products */ = {
			isa = PBXGroup;
			children = (
				C61080F920983380001FDDF4 /* 502SingViewApp.app */,
			);
			name = Products;
			sourceTree = "<group>";
		};
		C61080FB20983380001FDDF4 /* 502SingViewApp */ = {
			isa = PBXGroup;
			children = (
				C61080FC20983380001FDDF4 /* AppDelegate.swift */,
				C61080FE20983380001FDDF4 /* ViewController.swift */,
				C610810E2098346D001FDDF4 /* dispColorViewController.swift */,
				C61081102098498A001FDDF4 /* subViewController.swift */,
				C610810020983380001FDDF4 /* Main.storyboard */,
				C610810320983380001FDDF4 /* Assets.xcassets */,
				C610810520983380001FDDF4 /* LaunchScreen.storyboard */,
				C610810820983380001FDDF4 /* Info.plist */,
			);
			path = 502SingViewApp;
			sourceTree = "<group>";
		};
/* End PBXGroup section */

/* Begin PBXNativeTarget section */
		C61080F820983380001FDDF4 /* 502SingViewApp */ = {
			isa = PBXNativeTarget;
			buildConfigurationList = C610810B20983380001FDDF4 /* Build configuration list for PBXNativeTarget "502SingViewApp" */;
			buildPhases = (
				C61080F520983380001FDDF4 /* Sources */,
				C61080F620983380001FDDF4 /* Frameworks */,
				C61080F720983380001FDDF4 /* Resources */,
			);
			buildRules = (
			);
			dependencies = (
			);
			name = 502SingViewApp;
			productName = 502SingViewApp;
			productReference = C61080F920983380001FDDF4 /* 502SingViewApp.app */;
			productType = "com.apple.product-type.application";
		};
/* End PBXNativeTarget section */

/* Begin PBXProject section */
		C61080F120983380001FDDF4 /* Project object */ = {
			isa = PBXProject;
			attributes = {
				LastSwiftUpdateCheck = 0930;
				LastUpgradeCheck = 0930;
				ORGANIZATIONNAME = ssw;
				TargetAttributes = {
					C61080F820983380001FDDF4 = {
						CreatedOnToolsVersion = 9.3;
					};
				};
			};
			buildConfigurationList = C61080F420983380001FDDF4 /* Build configuration list for PBXProject "502SingViewApp" */;
			compatibilityVersion = "Xcode 9.3";
			developmentRegion = en;
			hasScannedForEncodings = 0;
			knownRegions = (
				en,
				Base,
			);
			mainGroup = C61080F020983380001FDDF4;
			productRefGroup = C61080FA20983380001FDDF4 /* Products */;
			projectDirPath = "";
			projectRoot = "";
			targets = (
				C61080F820983380001FDDF4 /* 502SingViewApp */,
			);
		};
/* End PBXProject section */

/* Begin PBXResourcesBuildPhase section */
		C61080F720983380001FDDF4 /* Resources */ = {
			isa = PBXResourcesBuildPhase;
			buildActionMask = 2147483647;
			files = (
				C610810720983380001FDDF4 /* LaunchScreen.storyboard in Resources */,
				C610810420983380001FDDF4 /* Assets.xcassets in Resources */,
				C610810220983380001FDDF4 /* Main.storyboard in Resources */,
			);
			runOnlyForDeploymentPostprocessing = 0;
		};
/* End PBXResourcesBuildPhase section */

/* Begin PBXSourcesBuildPhase section */
		C61080F520983380001FDDF4 /* Sources */ = {
			isa = PBXSourcesBuildPhase;
			buildActionMask = 2147483647;
			files = (
				C610810F2098346D001FDDF4 /* dispColorViewController.swift in Sources */,
				C61080FF20983380001FDDF4 /* ViewController.swift in Sources */,
				C61080FD20983380001FDDF4 /* AppDelegate.swift in Sources */,
				C61081112098498A001FDDF4 /* subViewController.swift in Sources */,
			);
			runOnlyForDeploymentPostprocessing = 0;
		};
/* End PBXSourcesBuildPhase section */

/* Begin PBXVariantGroup section */
		C610810020983380001FDDF4 /* Main.storyboard */ = {
			isa = PBXVariantGroup;
			children = (
				C610810120983380001FDDF4 /* Base */,
			);
			name = Main.storyboard;
			sourceTree = "<group>";
		};
		C610810520983380001FDDF4 /* LaunchScreen.storyboard */ = {
			isa = PBXVariantGroup;
			children = (
				C610810620983380001FDDF4 /* Base */,
			);
			name = LaunchScreen.storyboard;
			sourceTree = "<group>";
		};
/* End PBXVariantGroup section */

/* Begin XCBuildConfiguration section */
		C610810920983380001FDDF4 /* Debug */ = {
			isa = XCBuildConfiguration;
			buildSettings = {
				ALWAYS_SEARCH_USER_PATHS = NO;
				CLANG_ANALYZER_NONNULL = YES;
				CLANG_ANALYZER_NUMBER_OBJECT_CONVERSION = YES_AGGRESSIVE;
				CLANG_CXX_LANGUAGE_STANDARD = "gnu++14";
				CLANG_CXX_LIBRARY = "libc++";
				CLANG_ENABLE_MODULES = YES;
				CLANG_ENABLE_OBJC_ARC = YES;
				CLANG_ENABLE_OBJC_WEAK = YES;
				CLANG_WARN_BLOCK_CAPTURE_AUTORELEASING = YES;
				CLANG_WARN_BOOL_CONVERSION = YES;
				CLANG_WARN_COMMA = YES;
				CLANG_WARN_CONSTANT_CONVERSION = YES;
				CLANG_WARN_DEPRECATED_OBJC_IMPLEMENTATIONS = YES;
				CLANG_WARN_DIRECT_OBJC_ISA_USAGE = YES_ERROR;
				CLANG_WARN_DOCUMENTATION_COMMENTS = YES;
				CLANG_WARN_EMPTY_BODY = YES;
				CLANG_WARN_ENUM_CONVERSION = YES;
				CLANG_WARN_INFINITE_RECURSION = YES;
				CLANG_WARN_INT_CONVERSION = YES;
				CLANG_WARN_NON_LITERAL_NULL_CONVERSION = YES;
				CLANG_WARN_OBJC_IMPLICIT_RETAIN_SELF = YES;
				CLANG_WARN_OBJC_LITERAL_CONVERSION = YES;
				CLANG_WARN_OBJC_ROOT_CLASS = YES_ERROR;
				CLANG_WARN_RANGE_LOOP_ANALYSIS = YES;
				CLANG_WARN_STRICT_PROTOTYPES = YES;
				CLANG_WARN_SUSPICIOUS_MOVE = YES;
				CLANG_WARN_UNGUARDED_AVAILABILITY = YES_AGGRESSIVE;
				CLANG_WARN_UNREACHABLE_CODE = YES;
				CLANG_WARN__DUPLICATE_METHOD_MATCH = YES;
				CODE_SIGN_IDENTITY = "iPhone Developer";
				COPY_PHASE_STRIP = NO;
				DEBUG_INFORMATION_FORMAT = dwarf;
				ENABLE_STRICT_OBJC_MSGSEND = YES;
				ENABLE_TESTABILITY = YES;
				GCC_C_LANGUAGE_STANDARD = gnu11;
				GCC_DYNAMIC_NO_PIC = NO;
				GCC_NO_COMMON_BLOCKS = YES;
				GCC_OPTIMIZATION_LEVEL = 0;
				GCC_PREPROCESSOR_DEFINITIONS = (
					"DEBUG=1",
					"$(inherited)",
				);
				GCC_WARN_64_TO_32_BIT_CONVERSION = YES;
				GCC_WARN_ABOUT_RETURN_TYPE = YES_ERROR;
				GCC_WARN_UNDECLARED_SELECTOR = YES;
				GCC_WARN_UNINITIALIZED_AUTOS = YES_AGGRESSIVE;
				GCC_WARN_UNUSED_FUNCTION = YES;
				GCC_WARN_UNUSED_VARIABLE = YES;
				IPHONEOS_DEPLOYMENT_TARGET = 11.3;
				MTL_ENABLE_DEBUG_INFO = YES;
				ONLY_ACTIVE_ARCH = YES;
				SDKROOT = iphoneos;
				SWIFT_ACTIVE_COMPILATION_CONDITIONS = DEBUG;
				SWIFT_OPTIMIZATION_LEVEL = "-Onone";
			};
			name = Debug;
		};
		C610810A20983380001FDDF4 /* Release */ = {
			isa = XCBuildConfiguration;
			buildSettings = {
				ALWAYS_SEARCH_USER_PATHS = NO;
				CLANG_ANALYZER_NONNULL = YES;
				CLANG_ANALYZER_NUMBER_OBJECT_CONVERSION = YES_AGGRESSIVE;
				CLANG_CXX_LANGUAGE_STANDARD = "gnu++14";
				CLANG_CXX_LIBRARY = "libc++";
				CLANG_ENABLE_MODULES = YES;
				CLANG_ENABLE_OBJC_ARC = YES;
				CLANG_ENABLE_OBJC_WEAK = YES;
				CLANG_WARN_BLOCK_CAPTURE_AUTORELEASING = YES;
				CLANG_WARN_BOOL_CONVERSION = YES;
				CLANG_WARN_COMMA = YES;
				CLANG_WARN_CONSTANT_CONVERSION = YES;
				CLANG_WARN_DEPRECATED_OBJC_IMPLEMENTATIONS = YES;
				CLANG_WARN_DIRECT_OBJC_ISA_USAGE = YES_ERROR;
				CLANG_WARN_DOCUMENTATION_COMMENTS = YES;
				CLANG_WARN_EMPTY_BODY = YES;
				CLANG_WARN_ENUM_CONVERSION = YES;
				CLANG_WARN_INFINITE_RECURSION = YES;
				CLANG_WARN_INT_CONVERSION = YES;
				CLANG_WARN_NON_LITERAL_NULL_CONVERSION = YES;
				CLANG_WARN_OBJC_IMPLICIT_RETAIN_SELF = YES;
				CLANG_WARN_OBJC_LITERAL_CONVERSION = YES;
				CLANG_WARN_OBJC_ROOT_CLASS = YES_ERROR;
				CLANG_WARN_RANGE_LOOP_ANALYSIS = YES;
				CLANG_WARN_STRICT_PROTOTYPES = YES;
				CLANG_WARN_SUSPICIOUS_MOVE = YES;
				CLANG_WARN_UNGUARDED_AVAILABILITY = YES_AGGRESSIVE;
				CLANG_WARN_UNREACHABLE_CODE = YES;
				CLANG_WARN__DUPLICATE_METHOD_MATCH = YES;
				CODE_SIGN_IDENTITY = "iPhone Developer";
				COPY_PHASE_STRIP = NO;
				DEBUG_INFORMATION_FORMAT = "dwarf-with-dsym";
				ENABLE_NS_ASSERTIONS = NO;
				ENABLE_STRICT_OBJC_MSGSEND = YES;
				GCC_C_LANGUAGE_STANDARD = gnu11;
				GCC_NO_COMMON_BLOCKS = YES;
				GCC_WARN_64_TO_32_BIT_CONVERSION = YES;
				GCC_WARN_ABOUT_RETURN_TYPE = YES_ERROR;
				GCC_WARN_UNDECLARED_SELECTOR = YES;
				GCC_WARN_UNINITIALIZED_AUTOS = YES_AGGRESSIVE;
				GCC_WARN_UNUSED_FUNCTION = YES;
				GCC_WARN_UNUSED_VARIABLE = YES;
				IPHONEOS_DEPLOYMENT_TARGET = 11.3;
				MTL_ENABLE_DEBUG_INFO = NO;
				SDKROOT = iphoneos;
				SWIFT_COMPILATION_MODE = wholemodule;
				SWIFT_OPTIMIZATION_LEVEL = "-O";
				VALIDATE_PRODUCT = YES;
			};
			name = Release;
		};
		C610810C20983380001FDDF4 /* Debug */ = {
			isa = XCBuildConfiguration;
			buildSettings = {
				ASSETCATALOG_COMPILER_APPICON_NAME = AppIcon;
				CODE_SIGN_STYLE = Automatic;
				INFOPLIST_FILE = 502SingViewApp/Info.plist;
				LD_RUNPATH_SEARCH_PATHS = (
					"$(inherited)",
					"@executable_path/Frameworks",
				);
				PRODUCT_BUNDLE_IDENTIFIER = "com.ssw.-02SingViewApp";
				PRODUCT_NAME = "$(TARGET_NAME)";
				SWIFT_VERSION = 4.0;
				TARGETED_DEVICE_FAMILY = "1,2";
			};
			name = Debug;
		};
		C610810D20983380001FDDF4 /* Release */ = {
			isa = XCBuildConfiguration;
			buildSettings = {
				ASSETCATALOG_COMPILER_APPICON_NAME = AppIcon;
				CODE_SIGN_STYLE = Automatic;
				INFOPLIST_FILE = 502SingViewApp/Info.plist;
				LD_RUNPATH_SEARCH_PATHS = (
					"$(inherited)",
					"@executable_path/Frameworks",
				);
				PRODUCT_BUNDLE_IDENTIFIER = "com.ssw.-02SingViewApp";
				PRODUCT_NAME = "$(TARGET_NAME)";
				SWIFT_VERSION = 4.0;
				TARGETED_DEVICE_FAMILY = "1,2";
			};
			name = Release;
		};
/* End XCBuildConfiguration section */

/* Begin XCConfigurationList section */
		C61080F420983380001FDDF4 /* Build configuration list for PBXProject "502SingViewApp" */ = {
			isa = XCConfigurationList;
			buildConfigurations = (
				C610810920983380001FDDF4 /* Debug */,
				C610810A20983380001FDDF4 /* Release */,
			);
			defaultConfigurationIsVisible = 0;
			defaultConfigurationName = Release;
		};
		C610810B20983380001FDDF4 /* Build configuration list for PBXNativeTarget "502SingViewApp" */ = {
			isa = XCConfigurationList;
			buildConfigurations = (
				C610810C20983380001FDDF4 /* Debug */,
				C610810D20983380001FDDF4 /* Release */,
			);
			defaultConfigurationIsVisible = 0;
			defaultConfigurationName = Release;
		};
/* End XCConfigurationList section */
	};
	rootObject = C61080F120983380001FDDF4 /* Project object */;
}
