// !$*UTF8*$!
{
	archiveVersion = 1;
	classes = {
	};
	objectVersion = 50;
	objects = {

/* Begin PBXBuildFile section */
		C6007DCE20BE686400085903 /* AppDelegate.swift in Sources */ = {isa = PBXBuildFile; fileRef = C6007DCD20BE686400085903 /* AppDelegate.swift */; };
		C6007DD120BE686400085903 /* ex530NaverBlogReader.xcdatamodeld in Sources */ = {isa = PBXBuildFile; fileRef = C6007DCF20BE686400085903 /* ex530NaverBlogReader.xcdatamodeld */; };
		C6007DD320BE686500085903 /* MasterViewController.swift in Sources */ = {isa = PBXBuildFile; fileRef = C6007DD220BE686500085903 /* MasterViewController.swift */; };
		C6007DD520BE686500085903 /* DetailViewController.swift in Sources */ = {isa = PBXBuildFile; fileRef = C6007DD420BE686500085903 /* DetailViewController.swift */; };
		C6007DD820BE686500085903 /* Main.storyboard in Resources */ = {isa = PBXBuildFile; fileRef = C6007DD620BE686500085903 /* Main.storyboard */; };
		C6007DDA20BE686500085903 /* Assets.xcassets in Resources */ = {isa = PBXBuildFile; fileRef = C6007DD920BE686500085903 /* Assets.xcassets */; };
		C6007DDD20BE686500085903 /* LaunchScreen.storyboard in Resources */ = {isa = PBXBuildFile; fileRef = C6007DDB20BE686500085903 /* LaunchScreen.storyboard */; };
/* End PBXBuildFile section */

/* Begin PBXFileReference section */
		C6007DCA20BE686400085903 /* ex530NaverBlogReader.app */ = {isa = PBXFileReference; explicitFileType = wrapper.application; includeInIndex = 0; path = ex530NaverBlogReader.app; sourceTree = BUILT_PRODUCTS_DIR; };
		C6007DCD20BE686400085903 /* AppDelegate.swift */ = {isa = PBXFileReference; lastKnownFileType = sourcecode.swift; path = AppDelegate.swift; sourceTree = "<group>"; };
		C6007DD020BE686400085903 /* ex530NaverBlogReader.xcdatamodel */ = {isa = PBXFileReference; lastKnownFileType = wrapper.xcdatamodel; path = ex530NaverBlogReader.xcdatamodel; sourceTree = "<group>"; };
		C6007DD220BE686500085903 /* MasterViewController.swift */ = {isa = PBXFileReference; lastKnownFileType = sourcecode.swift; path = MasterViewController.swift; sourceTree = "<group>"; };
		C6007DD420BE686500085903 /* DetailViewController.swift */ = {isa = PBXFileReference; lastKnownFileType = sourcecode.swift; path = DetailViewController.swift; sourceTree = "<group>"; };
		C6007DD720BE686500085903 /* Base */ = {isa = PBXFileReference; lastKnownFileType = file.storyboard; name = Base; path = Base.lproj/Main.storyboard; sourceTree = "<group>"; };
		C6007DD920BE686500085903 /* Assets.xcassets */ = {isa = PBXFileReference; lastKnownFileType = folder.assetcatalog; path = Assets.xcassets; sourceTree = "<group>"; };
		C6007DDC20BE686500085903 /* Base */ = {isa = PBXFileReference; lastKnownFileType = file.storyboard; name = Base; path = Base.lproj/LaunchScreen.storyboard; sourceTree = "<group>"; };
		C6007DDE20BE686500085903 /* Info.plist */ = {isa = PBXFileReference; lastKnownFileType = text.plist.xml; path = Info.plist; sourceTree = "<group>"; };
/* End PBXFileReference section */

/* Begin PBXFrameworksBuildPhase section */
		C6007DC720BE686400085903 /* Frameworks */ = {
			isa = PBXFrameworksBuildPhase;
			buildActionMask = 2147483647;
			files = (
			);
			runOnlyForDeploymentPostprocessing = 0;
		};
/* End PBXFrameworksBuildPhase section */

/* Begin PBXGroup section */
		C6007DC120BE686400085903 = {
			isa = PBXGroup;
			children = (
				C6007DCC20BE686400085903 /* ex530NaverBlogReader */,
				C6007DCB20BE686400085903 /* Products */,
			);
			sourceTree = "<group>";
		};
		C6007DCB20BE686400085903 /* Products */ = {
			isa = PBXGroup;
			children = (
				C6007DCA20BE686400085903 /* ex530NaverBlogReader.app */,
			);
			name = Products;
			sourceTree = "<group>";
		};
		C6007DCC20BE686400085903 /* ex530NaverBlogReader */ = {
			isa = PBXGroup;
			children = (
				C6007DCD20BE686400085903 /* AppDelegate.swift */,
				C6007DD220BE686500085903 /* MasterViewController.swift */,
				C6007DD420BE686500085903 /* DetailViewController.swift */,
				C6007DD620BE686500085903 /* Main.storyboard */,
				C6007DD920BE686500085903 /* Assets.xcassets */,
				C6007DDB20BE686500085903 /* LaunchScreen.storyboard */,
				C6007DDE20BE686500085903 /* Info.plist */,
				C6007DCF20BE686400085903 /* ex530NaverBlogReader.xcdatamodeld */,
			);
			path = ex530NaverBlogReader;
			sourceTree = "<group>";
		};
/* End PBXGroup section */

/* Begin PBXNativeTarget section */
		C6007DC920BE686400085903 /* ex530NaverBlogReader */ = {
			isa = PBXNativeTarget;
			buildConfigurationList = C6007DE120BE686500085903 /* Build configuration list for PBXNativeTarget "ex530NaverBlogReader" */;
			buildPhases = (
				C6007DC620BE686400085903 /* Sources */,
				C6007DC720BE686400085903 /* Frameworks */,
				C6007DC820BE686400085903 /* Resources */,
			);
			buildRules = (
			);
			dependencies = (
			);
			name = ex530NaverBlogReader;
			productName = ex530NaverBlogReader;
			productReference = C6007DCA20BE686400085903 /* ex530NaverBlogReader.app */;
			productType = "com.apple.product-type.application";
		};
/* End PBXNativeTarget section */

/* Begin PBXProject section */
		C6007DC220BE686400085903 /* Project object */ = {
			isa = PBXProject;
			attributes = {
				LastSwiftUpdateCheck = 0930;
				LastUpgradeCheck = 0930;
				ORGANIZATIONNAME = ssw;
				TargetAttributes = {
					C6007DC920BE686400085903 = {
						CreatedOnToolsVersion = 9.3;
					};
				};
			};
			buildConfigurationList = C6007DC520BE686400085903 /* Build configuration list for PBXProject "ex530NaverBlogReader" */;
			compatibilityVersion = "Xcode 9.3";
			developmentRegion = en;
			hasScannedForEncodings = 0;
			knownRegions = (
				en,
				Base,
			);
			mainGroup = C6007DC120BE686400085903;
			productRefGroup = C6007DCB20BE686400085903 /* Products */;
			projectDirPath = "";
			projectRoot = "";
			targets = (
				C6007DC920BE686400085903 /* ex530NaverBlogReader */,
			);
		};
/* End PBXProject section */

/* Begin PBXResourcesBuildPhase section */
		C6007DC820BE686400085903 /* Resources */ = {
			isa = PBXResourcesBuildPhase;
			buildActionMask = 2147483647;
			files = (
				C6007DDD20BE686500085903 /* LaunchScreen.storyboard in Resources */,
				C6007DDA20BE686500085903 /* Assets.xcassets in Resources */,
				C6007DD820BE686500085903 /* Main.storyboard in Resources */,
			);
			runOnlyForDeploymentPostprocessing = 0;
		};
/* End PBXResourcesBuildPhase section */

/* Begin PBXSourcesBuildPhase section */
		C6007DC620BE686400085903 /* Sources */ = {
			isa = PBXSourcesBuildPhase;
			buildActionMask = 2147483647;
			files = (
				C6007DCE20BE686400085903 /* AppDelegate.swift in Sources */,
				C6007DD120BE686400085903 /* ex530NaverBlogReader.xcdatamodeld in Sources */,
				C6007DD320BE686500085903 /* MasterViewController.swift in Sources */,
				C6007DD520BE686500085903 /* DetailViewController.swift in Sources */,
			);
			runOnlyForDeploymentPostprocessing = 0;
		};
/* End PBXSourcesBuildPhase section */

/* Begin PBXVariantGroup section */
		C6007DD620BE686500085903 /* Main.storyboard */ = {
			isa = PBXVariantGroup;
			children = (
				C6007DD720BE686500085903 /* Base */,
			);
			name = Main.storyboard;
			sourceTree = "<group>";
		};
		C6007DDB20BE686500085903 /* LaunchScreen.storyboard */ = {
			isa = PBXVariantGroup;
			children = (
				C6007DDC20BE686500085903 /* Base */,
			);
			name = LaunchScreen.storyboard;
			sourceTree = "<group>";
		};
/* End PBXVariantGroup section */

/* Begin XCBuildConfiguration section */
		C6007DDF20BE686500085903 /* Debug */ = {
			isa = XCBuildConfiguration;
			buildSettings = {
				ALWAYS_SEARCH_USER_PATHS = NO;
				CLANG_ANALYZER_NONNULL = YES;
				CLANG_ANALYZER_NUMBER_OBJECT_CONVERSION = YES_AGGRESSIVE;
				CLANG_CXX_LANGUAGE_STANDARD = "gnu++14";
				CLANG_CXX_LIBRARY = "libc++";
				CLANG_ENABLE_MODULES = YES;
				CLANG_ENABLE_OBJC_ARC = YES;
				CLANG_ENABLE_OBJC_WEAK = YES;
				CLANG_WARN_BLOCK_CAPTURE_AUTORELEASING = YES;
				CLANG_WARN_BOOL_CONVERSION = YES;
				CLANG_WARN_COMMA = YES;
				CLANG_WARN_CONSTANT_CONVERSION = YES;
				CLANG_WARN_DEPRECATED_OBJC_IMPLEMENTATIONS = YES;
				CLANG_WARN_DIRECT_OBJC_ISA_USAGE = YES_ERROR;
				CLANG_WARN_DOCUMENTATION_COMMENTS = YES;
				CLANG_WARN_EMPTY_BODY = YES;
				CLANG_WARN_ENUM_CONVERSION = YES;
				CLANG_WARN_INFINITE_RECURSION = YES;
				CLANG_WARN_INT_CONVERSION = YES;
				CLANG_WARN_NON_LITERAL_NULL_CONVERSION = YES;
				CLANG_WARN_OBJC_IMPLICIT_RETAIN_SELF = YES;
				CLANG_WARN_OBJC_LITERAL_CONVERSION = YES;
				CLANG_WARN_OBJC_ROOT_CLASS = YES_ERROR;
				CLANG_WARN_RANGE_LOOP_ANALYSIS = YES;
				CLANG_WARN_STRICT_PROTOTYPES = YES;
				CLANG_WARN_SUSPICIOUS_MOVE = YES;
				CLANG_WARN_UNGUARDED_AVAILABILITY = YES_AGGRESSIVE;
				CLANG_WARN_UNREACHABLE_CODE = YES;
				CLANG_WARN__DUPLICATE_METHOD_MATCH = YES;
				CODE_SIGN_IDENTITY = "iPhone Developer";
				COPY_PHASE_STRIP = NO;
				DEBUG_INFORMATION_FORMAT = dwarf;
				ENABLE_STRICT_OBJC_MSGSEND = YES;
				ENABLE_TESTABILITY = YES;
				GCC_C_LANGUAGE_STANDARD = gnu11;
				GCC_DYNAMIC_NO_PIC = NO;
				GCC_NO_COMMON_BLOCKS = YES;
				GCC_OPTIMIZATION_LEVEL = 0;
				GCC_PREPROCESSOR_DEFINITIONS = (
					"DEBUG=1",
					"$(inherited)",
				);
				GCC_WARN_64_TO_32_BIT_CONVERSION = YES;
				GCC_WARN_ABOUT_RETURN_TYPE = YES_ERROR;
				GCC_WARN_UNDECLARED_SELECTOR = YES;
				GCC_WARN_UNINITIALIZED_AUTOS = YES_AGGRESSIVE;
				GCC_WARN_UNUSED_FUNCTION = YES;
				GCC_WARN_UNUSED_VARIABLE = YES;
				IPHONEOS_DEPLOYMENT_TARGET = 11.3;
				MTL_ENABLE_DEBUG_INFO = YES;
				ONLY_ACTIVE_ARCH = YES;
				SDKROOT = iphoneos;
				SWIFT_ACTIVE_COMPILATION_CONDITIONS = DEBUG;
				SWIFT_OPTIMIZATION_LEVEL = "-Onone";
			};
			name = Debug;
		};
		C6007DE020BE686500085903 /* Release */ = {
			isa = XCBuildConfiguration;
			buildSettings = {
				ALWAYS_SEARCH_USER_PATHS = NO;
				CLANG_ANALYZER_NONNULL = YES;
				CLANG_ANALYZER_NUMBER_OBJECT_CONVERSION = YES_AGGRESSIVE;
				CLANG_CXX_LANGUAGE_STANDARD = "gnu++14";
				CLANG_CXX_LIBRARY = "libc++";
				CLANG_ENABLE_MODULES = YES;
				CLANG_ENABLE_OBJC_ARC = YES;
				CLANG_ENABLE_OBJC_WEAK = YES;
				CLANG_WARN_BLOCK_CAPTURE_AUTORELEASING = YES;
				CLANG_WARN_BOOL_CONVERSION = YES;
				CLANG_WARN_COMMA = YES;
				CLANG_WARN_CONSTANT_CONVERSION = YES;
				CLANG_WARN_DEPRECATED_OBJC_IMPLEMENTATIONS = YES;
				CLANG_WARN_DIRECT_OBJC_ISA_USAGE = YES_ERROR;
				CLANG_WARN_DOCUMENTATION_COMMENTS = YES;
				CLANG_WARN_EMPTY_BODY = YES;
				CLANG_WARN_ENUM_CONVERSION = YES;
				CLANG_WARN_INFINITE_RECURSION = YES;
				CLANG_WARN_INT_CONVERSION = YES;
				CLANG_WARN_NON_LITERAL_NULL_CONVERSION = YES;
				CLANG_WARN_OBJC_IMPLICIT_RETAIN_SELF = YES;
				CLANG_WARN_OBJC_LITERAL_CONVERSION = YES;
				CLANG_WARN_OBJC_ROOT_CLASS = YES_ERROR;
				CLANG_WARN_RANGE_LOOP_ANALYSIS = YES;
				CLANG_WARN_STRICT_PROTOTYPES = YES;
				CLANG_WARN_SUSPICIOUS_MOVE = YES;
				CLANG_WARN_UNGUARDED_AVAILABILITY = YES_AGGRESSIVE;
				CLANG_WARN_UNREACHABLE_CODE = YES;
				CLANG_WARN__DUPLICATE_METHOD_MATCH = YES;
				CODE_SIGN_IDENTITY = "iPhone Developer";
				COPY_PHASE_STRIP = NO;
				DEBUG_INFORMATION_FORMAT = "dwarf-with-dsym";
				ENABLE_NS_ASSERTIONS = NO;
				ENABLE_STRICT_OBJC_MSGSEND = YES;
				GCC_C_LANGUAGE_STANDARD = gnu11;
				GCC_NO_COMMON_BLOCKS = YES;
				GCC_WARN_64_TO_32_BIT_CONVERSION = YES;
				GCC_WARN_ABOUT_RETURN_TYPE = YES_ERROR;
				GCC_WARN_UNDECLARED_SELECTOR = YES;
				GCC_WARN_UNINITIALIZED_AUTOS = YES_AGGRESSIVE;
				GCC_WARN_UNUSED_FUNCTION = YES;
				GCC_WARN_UNUSED_VARIABLE = YES;
				IPHONEOS_DEPLOYMENT_TARGET = 11.3;
				MTL_ENABLE_DEBUG_INFO = NO;
				SDKROOT = iphoneos;
				SWIFT_COMPILATION_MODE = wholemodule;
				SWIFT_OPTIMIZATION_LEVEL = "-O";
				VALIDATE_PRODUCT = YES;
			};
			name = Release;
		};
		C6007DE220BE686500085903 /* Debug */ = {
			isa = XCBuildConfiguration;
			buildSettings = {
				ASSETCATALOG_COMPILER_APPICON_NAME = AppIcon;
				CODE_SIGN_STYLE = Automatic;
				INFOPLIST_FILE = ex530NaverBlogReader/Info.plist;
				LD_RUNPATH_SEARCH_PATHS = (
					"$(inherited)",
					"@executable_path/Frameworks",
				);
				PRODUCT_BUNDLE_IDENTIFIER = com.ssw.ex530NaverBlogReader;
				PRODUCT_NAME = "$(TARGET_NAME)";
				SWIFT_VERSION = 4.0;
				TARGETED_DEVICE_FAMILY = "1,2";
			};
			name = Debug;
		};
		C6007DE320BE686500085903 /* Release */ = {
			isa = XCBuildConfiguration;
			buildSettings = {
				ASSETCATALOG_COMPILER_APPICON_NAME = AppIcon;
				CODE_SIGN_STYLE = Automatic;
				INFOPLIST_FILE = ex530NaverBlogReader/Info.plist;
				LD_RUNPATH_SEARCH_PATHS = (
					"$(inherited)",
					"@executable_path/Frameworks",
				);
				PRODUCT_BUNDLE_IDENTIFIER = com.ssw.ex530NaverBlogReader;
				PRODUCT_NAME = "$(TARGET_NAME)";
				SWIFT_VERSION = 4.0;
				TARGETED_DEVICE_FAMILY = "1,2";
			};
			name = Release;
		};
/* End XCBuildConfiguration section */

/* Begin XCConfigurationList section */
		C6007DC520BE686400085903 /* Build configuration list for PBXProject "ex530NaverBlogReader" */ = {
			isa = XCConfigurationList;
			buildConfigurations = (
				C6007DDF20BE686500085903 /* Debug */,
				C6007DE020BE686500085903 /* Release */,
			);
			defaultConfigurationIsVisible = 0;
			defaultConfigurationName = Release;
		};
		C6007DE120BE686500085903 /* Build configuration list for PBXNativeTarget "ex530NaverBlogReader" */ = {
			isa = XCConfigurationList;
			buildConfigurations = (
				C6007DE220BE686500085903 /* Debug */,
				C6007DE320BE686500085903 /* Release */,
			);
			defaultConfigurationIsVisible = 0;
			defaultConfigurationName = Release;
		};
/* End XCConfigurationList section */

/* Begin XCVersionGroup section */
		C6007DCF20BE686400085903 /* ex530NaverBlogReader.xcdatamodeld */ = {
			isa = XCVersionGroup;
			children = (
				C6007DD020BE686400085903 /* ex530NaverBlogReader.xcdatamodel */,
			);
			currentVersion = C6007DD020BE686400085903 /* ex530NaverBlogReader.xcdatamodel */;
			path = ex530NaverBlogReader.xcdatamodeld;
			sourceTree = "<group>";
			versionGroupType = wrapper.xcdatamodel;
		};
/* End XCVersionGroup section */
	};
	rootObject = C6007DC220BE686400085903 /* Project object */;
}
