// !$*UTF8*$!
{
	archiveVersion = 1;
	classes = {
	};
	objectVersion = 50;
	objects = {

/* Begin PBXBuildFile section */
		CD4BC5B82085C3E1009899EB /* AppDelegate.swift in Sources */ = {isa = PBXBuildFile; fileRef = CD4BC5B72085C3E1009899EB /* AppDelegate.swift */; };
		CD4BC5BA2085C3E1009899EB /* ViewController.swift in Sources */ = {isa = PBXBuildFile; fileRef = CD4BC5B92085C3E1009899EB /* ViewController.swift */; };
		CD4BC5BD2085C3E1009899EB /* Main.storyboard in Resources */ = {isa = PBXBuildFile; fileRef = CD4BC5BB2085C3E1009899EB /* Main.storyboard */; };
		CD4BC5BF2085C3E2009899EB /* Assets.xcassets in Resources */ = {isa = PBXBuildFile; fileRef = CD4BC5BE2085C3E2009899EB /* Assets.xcassets */; };
		CD4BC5C22085C3E2009899EB /* LaunchScreen.storyboard in Resources */ = {isa = PBXBuildFile; fileRef = CD4BC5C02085C3E2009899EB /* LaunchScreen.storyboard */; };
		CD4BC5CA2085C459009899EB /* ColorViewController.swift in Sources */ = {isa = PBXBuildFile; fileRef = CD4BC5C92085C459009899EB /* ColorViewController.swift */; };
		CD4BC5CC2085D59E009899EB /* 3rdViewController.swift in Sources */ = {isa = PBXBuildFile; fileRef = CD4BC5CB2085D59E009899EB /* 3rdViewController.swift */; };
/* End PBXBuildFile section */

/* Begin PBXFileReference section */
		CD4BC5B42085C3E1009899EB /* dispColorW2Ctrl.app */ = {isa = PBXFileReference; explicitFileType = wrapper.application; includeInIndex = 0; path = dispColorW2Ctrl.app; sourceTree = BUILT_PRODUCTS_DIR; };
		CD4BC5B72085C3E1009899EB /* AppDelegate.swift */ = {isa = PBXFileReference; lastKnownFileType = sourcecode.swift; path = AppDelegate.swift; sourceTree = "<group>"; };
		CD4BC5B92085C3E1009899EB /* ViewController.swift */ = {isa = PBXFileReference; lastKnownFileType = sourcecode.swift; path = ViewController.swift; sourceTree = "<group>"; };
		CD4BC5BC2085C3E1009899EB /* Base */ = {isa = PBXFileReference; lastKnownFileType = file.storyboard; name = Base; path = Base.lproj/Main.storyboard; sourceTree = "<group>"; };
		CD4BC5BE2085C3E2009899EB /* Assets.xcassets */ = {isa = PBXFileReference; lastKnownFileType = folder.assetcatalog; path = Assets.xcassets; sourceTree = "<group>"; };
		CD4BC5C12085C3E2009899EB /* Base */ = {isa = PBXFileReference; lastKnownFileType = file.storyboard; name = Base; path = Base.lproj/LaunchScreen.storyboard; sourceTree = "<group>"; };
		CD4BC5C32085C3E2009899EB /* Info.plist */ = {isa = PBXFileReference; lastKnownFileType = text.plist.xml; path = Info.plist; sourceTree = "<group>"; };
		CD4BC5C92085C459009899EB /* ColorViewController.swift */ = {isa = PBXFileReference; lastKnownFileType = sourcecode.swift; path = ColorViewController.swift; sourceTree = "<group>"; };
		CD4BC5CB2085D59E009899EB /* 3rdViewController.swift */ = {isa = PBXFileReference; lastKnownFileType = sourcecode.swift; path = 3rdViewController.swift; sourceTree = "<group>"; };
/* End PBXFileReference section */

/* Begin PBXFrameworksBuildPhase section */
		CD4BC5B12085C3E1009899EB /* Frameworks */ = {
			isa = PBXFrameworksBuildPhase;
			buildActionMask = 2147483647;
			files = (
			);
			runOnlyForDeploymentPostprocessing = 0;
		};
/* End PBXFrameworksBuildPhase section */

/* Begin PBXGroup section */
		CD4BC5AB2085C3E1009899EB = {
			isa = PBXGroup;
			children = (
				CD4BC5B62085C3E1009899EB /* dispColorW2Ctrl */,
				CD4BC5B52085C3E1009899EB /* Products */,
			);
			sourceTree = "<group>";
		};
		CD4BC5B52085C3E1009899EB /* Products */ = {
			isa = PBXGroup;
			children = (
				CD4BC5B42085C3E1009899EB /* dispColorW2Ctrl.app */,
			);
			name = Products;
			sourceTree = "<group>";
		};
		CD4BC5B62085C3E1009899EB /* dispColorW2Ctrl */ = {
			isa = PBXGroup;
			children = (
				CD4BC5B72085C3E1009899EB /* AppDelegate.swift */,
				CD4BC5B92085C3E1009899EB /* ViewController.swift */,
				CD4BC5BB2085C3E1009899EB /* Main.storyboard */,
				CD4BC5BE2085C3E2009899EB /* Assets.xcassets */,
				CD4BC5C02085C3E2009899EB /* LaunchScreen.storyboard */,
				CD4BC5C32085C3E2009899EB /* Info.plist */,
				CD4BC5C92085C459009899EB /* ColorViewController.swift */,
				CD4BC5CB2085D59E009899EB /* 3rdViewController.swift */,
			);
			path = dispColorW2Ctrl;
			sourceTree = "<group>";
		};
/* End PBXGroup section */

/* Begin PBXNativeTarget section */
		CD4BC5B32085C3E1009899EB /* dispColorW2Ctrl */ = {
			isa = PBXNativeTarget;
			buildConfigurationList = CD4BC5C62085C3E2009899EB /* Build configuration list for PBXNativeTarget "dispColorW2Ctrl" */;
			buildPhases = (
				CD4BC5B02085C3E1009899EB /* Sources */,
				CD4BC5B12085C3E1009899EB /* Frameworks */,
				CD4BC5B22085C3E1009899EB /* Resources */,
			);
			buildRules = (
			);
			dependencies = (
			);
			name = dispColorW2Ctrl;
			productName = dispColorW2Ctrl;
			productReference = CD4BC5B42085C3E1009899EB /* dispColorW2Ctrl.app */;
			productType = "com.apple.product-type.application";
		};
/* End PBXNativeTarget section */

/* Begin PBXProject section */
		CD4BC5AC2085C3E1009899EB /* Project object */ = {
			isa = PBXProject;
			attributes = {
				LastSwiftUpdateCheck = 0930;
				LastUpgradeCheck = 0930;
				ORGANIZATIONNAME = hwy;
				TargetAttributes = {
					CD4BC5B32085C3E1009899EB = {
						CreatedOnToolsVersion = 9.3;
					};
				};
			};
			buildConfigurationList = CD4BC5AF2085C3E1009899EB /* Build configuration list for PBXProject "dispColorW2Ctrl" */;
			compatibilityVersion = "Xcode 9.3";
			developmentRegion = en;
			hasScannedForEncodings = 0;
			knownRegions = (
				en,
				Base,
			);
			mainGroup = CD4BC5AB2085C3E1009899EB;
			productRefGroup = CD4BC5B52085C3E1009899EB /* Products */;
			projectDirPath = "";
			projectRoot = "";
			targets = (
				CD4BC5B32085C3E1009899EB /* dispColorW2Ctrl */,
			);
		};
/* End PBXProject section */

/* Begin PBXResourcesBuildPhase section */
		CD4BC5B22085C3E1009899EB /* Resources */ = {
			isa = PBXResourcesBuildPhase;
			buildActionMask = 2147483647;
			files = (
				CD4BC5C22085C3E2009899EB /* LaunchScreen.storyboard in Resources */,
				CD4BC5BF2085C3E2009899EB /* Assets.xcassets in Resources */,
				CD4BC5BD2085C3E1009899EB /* Main.storyboard in Resources */,
			);
			runOnlyForDeploymentPostprocessing = 0;
		};
/* End PBXResourcesBuildPhase section */

/* Begin PBXSourcesBuildPhase section */
		CD4BC5B02085C3E1009899EB /* Sources */ = {
			isa = PBXSourcesBuildPhase;
			buildActionMask = 2147483647;
			files = (
				CD4BC5BA2085C3E1009899EB /* ViewController.swift in Sources */,
				CD4BC5CA2085C459009899EB /* ColorViewController.swift in Sources */,
				CD4BC5CC2085D59E009899EB /* 3rdViewController.swift in Sources */,
				CD4BC5B82085C3E1009899EB /* AppDelegate.swift in Sources */,
			);
			runOnlyForDeploymentPostprocessing = 0;
		};
/* End PBXSourcesBuildPhase section */

/* Begin PBXVariantGroup section */
		CD4BC5BB2085C3E1009899EB /* Main.storyboard */ = {
			isa = PBXVariantGroup;
			children = (
				CD4BC5BC2085C3E1009899EB /* Base */,
			);
			name = Main.storyboard;
			sourceTree = "<group>";
		};
		CD4BC5C02085C3E2009899EB /* LaunchScreen.storyboard */ = {
			isa = PBXVariantGroup;
			children = (
				CD4BC5C12085C3E2009899EB /* Base */,
			);
			name = LaunchScreen.storyboard;
			sourceTree = "<group>";
		};
/* End PBXVariantGroup section */

/* Begin XCBuildConfiguration section */
		CD4BC5C42085C3E2009899EB /* Debug */ = {
			isa = XCBuildConfiguration;
			buildSettings = {
				ALWAYS_SEARCH_USER_PATHS = NO;
				CLANG_ANALYZER_NONNULL = YES;
				CLANG_ANALYZER_NUMBER_OBJECT_CONVERSION = YES_AGGRESSIVE;
				CLANG_CXX_LANGUAGE_STANDARD = "gnu++14";
				CLANG_CXX_LIBRARY = "libc++";
				CLANG_ENABLE_MODULES = YES;
				CLANG_ENABLE_OBJC_ARC = YES;
				CLANG_ENABLE_OBJC_WEAK = YES;
				CLANG_WARN_BLOCK_CAPTURE_AUTORELEASING = YES;
				CLANG_WARN_BOOL_CONVERSION = YES;
				CLANG_WARN_COMMA = YES;
				CLANG_WARN_CONSTANT_CONVERSION = YES;
				CLANG_WARN_DEPRECATED_OBJC_IMPLEMENTATIONS = YES;
				CLANG_WARN_DIRECT_OBJC_ISA_USAGE = YES_ERROR;
				CLANG_WARN_DOCUMENTATION_COMMENTS = YES;
				CLANG_WARN_EMPTY_BODY = YES;
				CLANG_WARN_ENUM_CONVERSION = YES;
				CLANG_WARN_INFINITE_RECURSION = YES;
				CLANG_WARN_INT_CONVERSION = YES;
				CLANG_WARN_NON_LITERAL_NULL_CONVERSION = YES;
				CLANG_WARN_OBJC_IMPLICIT_RETAIN_SELF = YES;
				CLANG_WARN_OBJC_LITERAL_CONVERSION = YES;
				CLANG_WARN_OBJC_ROOT_CLASS = YES_ERROR;
				CLANG_WARN_RANGE_LOOP_ANALYSIS = YES;
				CLANG_WARN_STRICT_PROTOTYPES = YES;
				CLANG_WARN_SUSPICIOUS_MOVE = YES;
				CLANG_WARN_UNGUARDED_AVAILABILITY = YES_AGGRESSIVE;
				CLANG_WARN_UNREACHABLE_CODE = YES;
				CLANG_WARN__DUPLICATE_METHOD_MATCH = YES;
				CODE_SIGN_IDENTITY = "iPhone Developer";
				COPY_PHASE_STRIP = NO;
				DEBUG_INFORMATION_FORMAT = dwarf;
				ENABLE_STRICT_OBJC_MSGSEND = YES;
				ENABLE_TESTABILITY = YES;
				GCC_C_LANGUAGE_STANDARD = gnu11;
				GCC_DYNAMIC_NO_PIC = NO;
				GCC_NO_COMMON_BLOCKS = YES;
				GCC_OPTIMIZATION_LEVEL = 0;
				GCC_PREPROCESSOR_DEFINITIONS = (
					"DEBUG=1",
					"$(inherited)",
				);
				GCC_WARN_64_TO_32_BIT_CONVERSION = YES;
				GCC_WARN_ABOUT_RETURN_TYPE = YES_ERROR;
				GCC_WARN_UNDECLARED_SELECTOR = YES;
				GCC_WARN_UNINITIALIZED_AUTOS = YES_AGGRESSIVE;
				GCC_WARN_UNUSED_FUNCTION = YES;
				GCC_WARN_UNUSED_VARIABLE = YES;
				IPHONEOS_DEPLOYMENT_TARGET = 11.3;
				MTL_ENABLE_DEBUG_INFO = YES;
				ONLY_ACTIVE_ARCH = YES;
				SDKROOT = iphoneos;
				SWIFT_ACTIVE_COMPILATION_CONDITIONS = DEBUG;
				SWIFT_OPTIMIZATION_LEVEL = "-Onone";
			};
			name = Debug;
		};
		CD4BC5C52085C3E2009899EB /* Release */ = {
			isa = XCBuildConfiguration;
			buildSettings = {
				ALWAYS_SEARCH_USER_PATHS = NO;
				CLANG_ANALYZER_NONNULL = YES;
				CLANG_ANALYZER_NUMBER_OBJECT_CONVERSION = YES_AGGRESSIVE;
				CLANG_CXX_LANGUAGE_STANDARD = "gnu++14";
				CLANG_CXX_LIBRARY = "libc++";
				CLANG_ENABLE_MODULES = YES;
				CLANG_ENABLE_OBJC_ARC = YES;
				CLANG_ENABLE_OBJC_WEAK = YES;
				CLANG_WARN_BLOCK_CAPTURE_AUTORELEASING = YES;
				CLANG_WARN_BOOL_CONVERSION = YES;
				CLANG_WARN_COMMA = YES;
				CLANG_WARN_CONSTANT_CONVERSION = YES;
				CLANG_WARN_DEPRECATED_OBJC_IMPLEMENTATIONS = YES;
				CLANG_WARN_DIRECT_OBJC_ISA_USAGE = YES_ERROR;
				CLANG_WARN_DOCUMENTATION_COMMENTS = YES;
				CLANG_WARN_EMPTY_BODY = YES;
				CLANG_WARN_ENUM_CONVERSION = YES;
				CLANG_WARN_INFINITE_RECURSION = YES;
				CLANG_WARN_INT_CONVERSION = YES;
				CLANG_WARN_NON_LITERAL_NULL_CONVERSION = YES;
				CLANG_WARN_OBJC_IMPLICIT_RETAIN_SELF = YES;
				CLANG_WARN_OBJC_LITERAL_CONVERSION = YES;
				CLANG_WARN_OBJC_ROOT_CLASS = YES_ERROR;
				CLANG_WARN_RANGE_LOOP_ANALYSIS = YES;
				CLANG_WARN_STRICT_PROTOTYPES = YES;
				CLANG_WARN_SUSPICIOUS_MOVE = YES;
				CLANG_WARN_UNGUARDED_AVAILABILITY = YES_AGGRESSIVE;
				CLANG_WARN_UNREACHABLE_CODE = YES;
				CLANG_WARN__DUPLICATE_METHOD_MATCH = YES;
				CODE_SIGN_IDENTITY = "iPhone Developer";
				COPY_PHASE_STRIP = NO;
				DEBUG_INFORMATION_FORMAT = "dwarf-with-dsym";
				ENABLE_NS_ASSERTIONS = NO;
				ENABLE_STRICT_OBJC_MSGSEND = YES;
				GCC_C_LANGUAGE_STANDARD = gnu11;
				GCC_NO_COMMON_BLOCKS = YES;
				GCC_WARN_64_TO_32_BIT_CONVERSION = YES;
				GCC_WARN_ABOUT_RETURN_TYPE = YES_ERROR;
				GCC_WARN_UNDECLARED_SELECTOR = YES;
				GCC_WARN_UNINITIALIZED_AUTOS = YES_AGGRESSIVE;
				GCC_WARN_UNUSED_FUNCTION = YES;
				GCC_WARN_UNUSED_VARIABLE = YES;
				IPHONEOS_DEPLOYMENT_TARGET = 11.3;
				MTL_ENABLE_DEBUG_INFO = NO;
				SDKROOT = iphoneos;
				SWIFT_COMPILATION_MODE = wholemodule;
				SWIFT_OPTIMIZATION_LEVEL = "-O";
				VALIDATE_PRODUCT = YES;
			};
			name = Release;
		};
		CD4BC5C72085C3E2009899EB /* Debug */ = {
			isa = XCBuildConfiguration;
			buildSettings = {
				ASSETCATALOG_COMPILER_APPICON_NAME = AppIcon;
				CODE_SIGN_STYLE = Automatic;
				INFOPLIST_FILE = dispColorW2Ctrl/Info.plist;
				LD_RUNPATH_SEARCH_PATHS = (
					"$(inherited)",
					"@executable_path/Frameworks",
				);
				PRODUCT_BUNDLE_IDENTIFIER = com.hwy.dispColorW2Ctrl;
				PRODUCT_NAME = "$(TARGET_NAME)";
				SWIFT_VERSION = 4.0;
				TARGETED_DEVICE_FAMILY = "1,2";
			};
			name = Debug;
		};
		CD4BC5C82085C3E2009899EB /* Release */ = {
			isa = XCBuildConfiguration;
			buildSettings = {
				ASSETCATALOG_COMPILER_APPICON_NAME = AppIcon;
				CODE_SIGN_STYLE = Automatic;
				INFOPLIST_FILE = dispColorW2Ctrl/Info.plist;
				LD_RUNPATH_SEARCH_PATHS = (
					"$(inherited)",
					"@executable_path/Frameworks",
				);
				PRODUCT_BUNDLE_IDENTIFIER = com.hwy.dispColorW2Ctrl;
				PRODUCT_NAME = "$(TARGET_NAME)";
				SWIFT_VERSION = 4.0;
				TARGETED_DEVICE_FAMILY = "1,2";
			};
			name = Release;
		};
/* End XCBuildConfiguration section */

/* Begin XCConfigurationList section */
		CD4BC5AF2085C3E1009899EB /* Build configuration list for PBXProject "dispColorW2Ctrl" */ = {
			isa = XCConfigurationList;
			buildConfigurations = (
				CD4BC5C42085C3E2009899EB /* Debug */,
				CD4BC5C52085C3E2009899EB /* Release */,
			);
			defaultConfigurationIsVisible = 0;
			defaultConfigurationName = Release;
		};
		CD4BC5C62085C3E2009899EB /* Build configuration list for PBXNativeTarget "dispColorW2Ctrl" */ = {
			isa = XCConfigurationList;
			buildConfigurations = (
				CD4BC5C72085C3E2009899EB /* Debug */,
				CD4BC5C82085C3E2009899EB /* Release */,
			);
			defaultConfigurationIsVisible = 0;
			defaultConfigurationName = Release;
		};
/* End XCConfigurationList section */
	};
	rootObject = CD4BC5AC2085C3E1009899EB /* Project object */;
}
