// !$*UTF8*$!
{
	archiveVersion = 1;
	classes = {
	};
	objectVersion = 48;
	objects = {

/* Begin PBXBuildFile section */
		C65F5084206B26F9002C852C /* AppDelegate.swift in Sources */ = {isa = PBXBuildFile; fileRef = C65F5083206B26F9002C852C /* AppDelegate.swift */; };
		C65F5086206B26F9002C852C /* ViewController.swift in Sources */ = {isa = PBXBuildFile; fileRef = C65F5085206B26F9002C852C /* ViewController.swift */; };
		C65F5089206B26F9002C852C /* Main.storyboard in Resources */ = {isa = PBXBuildFile; fileRef = C65F5087206B26F9002C852C /* Main.storyboard */; };
		C65F508B206B26F9002C852C /* Assets.xcassets in Resources */ = {isa = PBXBuildFile; fileRef = C65F508A206B26F9002C852C /* Assets.xcassets */; };
		C65F508E206B26F9002C852C /* LaunchScreen.storyboard in Resources */ = {isa = PBXBuildFile; fileRef = C65F508C206B26F9002C852C /* LaunchScreen.storyboard */; };
		C6FF91E02074D55100A39AEB /* h.jpeg in Resources */ = {isa = PBXBuildFile; fileRef = C6FF91DE2074D55100A39AEB /* h.jpeg */; };
		C6FF91E12074D55100A39AEB /* 54375.jpg in Resources */ = {isa = PBXBuildFile; fileRef = C6FF91DF2074D55100A39AEB /* 54375.jpg */; };
/* End PBXBuildFile section */

/* Begin PBXFileReference section */
		C65F5080206B26F9002C852C /* test328.app */ = {isa = PBXFileReference; explicitFileType = wrapper.application; includeInIndex = 0; path = test328.app; sourceTree = BUILT_PRODUCTS_DIR; };
		C65F5083206B26F9002C852C /* AppDelegate.swift */ = {isa = PBXFileReference; lastKnownFileType = sourcecode.swift; path = AppDelegate.swift; sourceTree = "<group>"; };
		C65F5085206B26F9002C852C /* ViewController.swift */ = {isa = PBXFileReference; lastKnownFileType = sourcecode.swift; path = ViewController.swift; sourceTree = "<group>"; };
		C65F5088206B26F9002C852C /* Base */ = {isa = PBXFileReference; lastKnownFileType = file.storyboard; name = Base; path = Base.lproj/Main.storyboard; sourceTree = "<group>"; };
		C65F508A206B26F9002C852C /* Assets.xcassets */ = {isa = PBXFileReference; lastKnownFileType = folder.assetcatalog; path = Assets.xcassets; sourceTree = "<group>"; };
		C65F508D206B26F9002C852C /* Base */ = {isa = PBXFileReference; lastKnownFileType = file.storyboard; name = Base; path = Base.lproj/LaunchScreen.storyboard; sourceTree = "<group>"; };
		C65F508F206B26F9002C852C /* Info.plist */ = {isa = PBXFileReference; lastKnownFileType = text.plist.xml; path = Info.plist; sourceTree = "<group>"; };
		C6FF91DE2074D55100A39AEB /* h.jpeg */ = {isa = PBXFileReference; lastKnownFileType = image.jpeg; name = h.jpeg; path = test328/h.jpeg; sourceTree = "<group>"; };
		C6FF91DF2074D55100A39AEB /* 54375.jpg */ = {isa = PBXFileReference; lastKnownFileType = image.jpeg; name = 54375.jpg; path = test328/54375.jpg; sourceTree = "<group>"; };
/* End PBXFileReference section */

/* Begin PBXFrameworksBuildPhase section */
		C65F507D206B26F9002C852C /* Frameworks */ = {
			isa = PBXFrameworksBuildPhase;
			buildActionMask = 2147483647;
			files = (
			);
			runOnlyForDeploymentPostprocessing = 0;
		};
/* End PBXFrameworksBuildPhase section */

/* Begin PBXGroup section */
		C65F5077206B26F9002C852C = {
			isa = PBXGroup;
			children = (
				C6FF91DF2074D55100A39AEB /* 54375.jpg */,
				C6FF91DE2074D55100A39AEB /* h.jpeg */,
				C65F5082206B26F9002C852C /* test328 */,
				C65F5081206B26F9002C852C /* Products */,
			);
			sourceTree = "<group>";
		};
		C65F5081206B26F9002C852C /* Products */ = {
			isa = PBXGroup;
			children = (
				C65F5080206B26F9002C852C /* test328.app */,
			);
			name = Products;
			sourceTree = "<group>";
		};
		C65F5082206B26F9002C852C /* test328 */ = {
			isa = PBXGroup;
			children = (
				C65F5083206B26F9002C852C /* AppDelegate.swift */,
				C65F5085206B26F9002C852C /* ViewController.swift */,
				C65F5087206B26F9002C852C /* Main.storyboard */,
				C65F508A206B26F9002C852C /* Assets.xcassets */,
				C65F508C206B26F9002C852C /* LaunchScreen.storyboard */,
				C65F508F206B26F9002C852C /* Info.plist */,
			);
			path = test328;
			sourceTree = "<group>";
		};
/* End PBXGroup section */

/* Begin PBXNativeTarget section */
		C65F507F206B26F9002C852C /* test328 */ = {
			isa = PBXNativeTarget;
			buildConfigurationList = C65F5092206B26F9002C852C /* Build configuration list for PBXNativeTarget "test328" */;
			buildPhases = (
				C65F507C206B26F9002C852C /* Sources */,
				C65F507D206B26F9002C852C /* Frameworks */,
				C65F507E206B26F9002C852C /* Resources */,
			);
			buildRules = (
			);
			dependencies = (
			);
			name = test328;
			productName = test328;
			productReference = C65F5080206B26F9002C852C /* test328.app */;
			productType = "com.apple.product-type.application";
		};
/* End PBXNativeTarget section */

/* Begin PBXProject section */
		C65F5078206B26F9002C852C /* Project object */ = {
			isa = PBXProject;
			attributes = {
				LastSwiftUpdateCheck = 0920;
				LastUpgradeCheck = 0920;
				ORGANIZATIONNAME = ssw;
				TargetAttributes = {
					C65F507F206B26F9002C852C = {
						CreatedOnToolsVersion = 9.2;
						ProvisioningStyle = Automatic;
					};
				};
			};
			buildConfigurationList = C65F507B206B26F9002C852C /* Build configuration list for PBXProject "test328" */;
			compatibilityVersion = "Xcode 8.0";
			developmentRegion = en;
			hasScannedForEncodings = 0;
			knownRegions = (
				en,
				Base,
			);
			mainGroup = C65F5077206B26F9002C852C;
			productRefGroup = C65F5081206B26F9002C852C /* Products */;
			projectDirPath = "";
			projectRoot = "";
			targets = (
				C65F507F206B26F9002C852C /* test328 */,
			);
		};
/* End PBXProject section */

/* Begin PBXResourcesBuildPhase section */
		C65F507E206B26F9002C852C /* Resources */ = {
			isa = PBXResourcesBuildPhase;
			buildActionMask = 2147483647;
			files = (
				C65F508E206B26F9002C852C /* LaunchScreen.storyboard in Resources */,
				C65F508B206B26F9002C852C /* Assets.xcassets in Resources */,
				C6FF91E02074D55100A39AEB /* h.jpeg in Resources */,
				C6FF91E12074D55100A39AEB /* 54375.jpg in Resources */,
				C65F5089206B26F9002C852C /* Main.storyboard in Resources */,
			);
			runOnlyForDeploymentPostprocessing = 0;
		};
/* End PBXResourcesBuildPhase section */

/* Begin PBXSourcesBuildPhase section */
		C65F507C206B26F9002C852C /* Sources */ = {
			isa = PBXSourcesBuildPhase;
			buildActionMask = 2147483647;
			files = (
				C65F5086206B26F9002C852C /* ViewController.swift in Sources */,
				C65F5084206B26F9002C852C /* AppDelegate.swift in Sources */,
			);
			runOnlyForDeploymentPostprocessing = 0;
		};
/* End PBXSourcesBuildPhase section */

/* Begin PBXVariantGroup section */
		C65F5087206B26F9002C852C /* Main.storyboard */ = {
			isa = PBXVariantGroup;
			children = (
				C65F5088206B26F9002C852C /* Base */,
			);
			name = Main.storyboard;
			sourceTree = "<group>";
		};
		C65F508C206B26F9002C852C /* LaunchScreen.storyboard */ = {
			isa = PBXVariantGroup;
			children = (
				C65F508D206B26F9002C852C /* Base */,
			);
			name = LaunchScreen.storyboard;
			sourceTree = "<group>";
		};
/* End PBXVariantGroup section */

/* Begin XCBuildConfiguration section */
		C65F5090206B26F9002C852C /* Debug */ = {
			isa = XCBuildConfiguration;
			buildSettings = {
				ALWAYS_SEARCH_USER_PATHS = NO;
				CLANG_ANALYZER_NONNULL = YES;
				CLANG_ANALYZER_NUMBER_OBJECT_CONVERSION = YES_AGGRESSIVE;
				CLANG_CXX_LANGUAGE_STANDARD = "gnu++14";
				CLANG_CXX_LIBRARY = "libc++";
				CLANG_ENABLE_MODULES = YES;
				CLANG_ENABLE_OBJC_ARC = YES;
				CLANG_WARN_BLOCK_CAPTURE_AUTORELEASING = YES;
				CLANG_WARN_BOOL_CONVERSION = YES;
				CLANG_WARN_COMMA = YES;
				CLANG_WARN_CONSTANT_CONVERSION = YES;
				CLANG_WARN_DIRECT_OBJC_ISA_USAGE = YES_ERROR;
				CLANG_WARN_DOCUMENTATION_COMMENTS = YES;
				CLANG_WARN_EMPTY_BODY = YES;
				CLANG_WARN_ENUM_CONVERSION = YES;
				CLANG_WARN_INFINITE_RECURSION = YES;
				CLANG_WARN_INT_CONVERSION = YES;
				CLANG_WARN_NON_LITERAL_NULL_CONVERSION = YES;
				CLANG_WARN_OBJC_LITERAL_CONVERSION = YES;
				CLANG_WARN_OBJC_ROOT_CLASS = YES_ERROR;
				CLANG_WARN_RANGE_LOOP_ANALYSIS = YES;
				CLANG_WARN_STRICT_PROTOTYPES = YES;
				CLANG_WARN_SUSPICIOUS_MOVE = YES;
				CLANG_WARN_UNGUARDED_AVAILABILITY = YES_AGGRESSIVE;
				CLANG_WARN_UNREACHABLE_CODE = YES;
				CLANG_WARN__DUPLICATE_METHOD_MATCH = YES;
				CODE_SIGN_IDENTITY = "iPhone Developer";
				COPY_PHASE_STRIP = NO;
				DEBUG_INFORMATION_FORMAT = dwarf;
				ENABLE_STRICT_OBJC_MSGSEND = YES;
				ENABLE_TESTABILITY = YES;
				GCC_C_LANGUAGE_STANDARD = gnu11;
				GCC_DYNAMIC_NO_PIC = NO;
				GCC_NO_COMMON_BLOCKS = YES;
				GCC_OPTIMIZATION_LEVEL = 0;
				GCC_PREPROCESSOR_DEFINITIONS = (
					"DEBUG=1",
					"$(inherited)",
				);
				GCC_WARN_64_TO_32_BIT_CONVERSION = YES;
				GCC_WARN_ABOUT_RETURN_TYPE = YES_ERROR;
				GCC_WARN_UNDECLARED_SELECTOR = YES;
				GCC_WARN_UNINITIALIZED_AUTOS = YES_AGGRESSIVE;
				GCC_WARN_UNUSED_FUNCTION = YES;
				GCC_WARN_UNUSED_VARIABLE = YES;
				IPHONEOS_DEPLOYMENT_TARGET = 11.2;
				MTL_ENABLE_DEBUG_INFO = YES;
				ONLY_ACTIVE_ARCH = YES;
				SDKROOT = iphoneos;
				SWIFT_ACTIVE_COMPILATION_CONDITIONS = DEBUG;
				SWIFT_OPTIMIZATION_LEVEL = "-Onone";
			};
			name = Debug;
		};
		C65F5091206B26F9002C852C /* Release */ = {
			isa = XCBuildConfiguration;
			buildSettings = {
				ALWAYS_SEARCH_USER_PATHS = NO;
				CLANG_ANALYZER_NONNULL = YES;
				CLANG_ANALYZER_NUMBER_OBJECT_CONVERSION = YES_AGGRESSIVE;
				CLANG_CXX_LANGUAGE_STANDARD = "gnu++14";
				CLANG_CXX_LIBRARY = "libc++";
				CLANG_ENABLE_MODULES = YES;
				CLANG_ENABLE_OBJC_ARC = YES;
				CLANG_WARN_BLOCK_CAPTURE_AUTORELEASING = YES;
				CLANG_WARN_BOOL_CONVERSION = YES;
				CLANG_WARN_COMMA = YES;
				CLANG_WARN_CONSTANT_CONVERSION = YES;
				CLANG_WARN_DIRECT_OBJC_ISA_USAGE = YES_ERROR;
				CLANG_WARN_DOCUMENTATION_COMMENTS = YES;
				CLANG_WARN_EMPTY_BODY = YES;
				CLANG_WARN_ENUM_CONVERSION = YES;
				CLANG_WARN_INFINITE_RECURSION = YES;
				CLANG_WARN_INT_CONVERSION = YES;
				CLANG_WARN_NON_LITERAL_NULL_CONVERSION = YES;
				CLANG_WARN_OBJC_LITERAL_CONVERSION = YES;
				CLANG_WARN_OBJC_ROOT_CLASS = YES_ERROR;
				CLANG_WARN_RANGE_LOOP_ANALYSIS = YES;
				CLANG_WARN_STRICT_PROTOTYPES = YES;
				CLANG_WARN_SUSPICIOUS_MOVE = YES;
				CLANG_WARN_UNGUARDED_AVAILABILITY = YES_AGGRESSIVE;
				CLANG_WARN_UNREACHABLE_CODE = YES;
				CLANG_WARN__DUPLICATE_METHOD_MATCH = YES;
				CODE_SIGN_IDENTITY = "iPhone Developer";
				COPY_PHASE_STRIP = NO;
				DEBUG_INFORMATION_FORMAT = "dwarf-with-dsym";
				ENABLE_NS_ASSERTIONS = NO;
				ENABLE_STRICT_OBJC_MSGSEND = YES;
				GCC_C_LANGUAGE_STANDARD = gnu11;
				GCC_NO_COMMON_BLOCKS = YES;
				GCC_WARN_64_TO_32_BIT_CONVERSION = YES;
				GCC_WARN_ABOUT_RETURN_TYPE = YES_ERROR;
				GCC_WARN_UNDECLARED_SELECTOR = YES;
				GCC_WARN_UNINITIALIZED_AUTOS = YES_AGGRESSIVE;
				GCC_WARN_UNUSED_FUNCTION = YES;
				GCC_WARN_UNUSED_VARIABLE = YES;
				IPHONEOS_DEPLOYMENT_TARGET = 11.2;
				MTL_ENABLE_DEBUG_INFO = NO;
				SDKROOT = iphoneos;
				SWIFT_OPTIMIZATION_LEVEL = "-Owholemodule";
				VALIDATE_PRODUCT = YES;
			};
			name = Release;
		};
		C65F5093206B26F9002C852C /* Debug */ = {
			isa = XCBuildConfiguration;
			buildSettings = {
				ASSETCATALOG_COMPILER_APPICON_NAME = AppIcon;
				CODE_SIGN_STYLE = Automatic;
				INFOPLIST_FILE = test328/Info.plist;
				LD_RUNPATH_SEARCH_PATHS = "$(inherited) @executable_path/Frameworks";
				PRODUCT_BUNDLE_IDENTIFIER = com.ssw.test328;
				PRODUCT_NAME = "$(TARGET_NAME)";
				SWIFT_VERSION = 4.0;
				TARGETED_DEVICE_FAMILY = "1,2";
			};
			name = Debug;
		};
		C65F5094206B26F9002C852C /* Release */ = {
			isa = XCBuildConfiguration;
			buildSettings = {
				ASSETCATALOG_COMPILER_APPICON_NAME = AppIcon;
				CODE_SIGN_STYLE = Automatic;
				INFOPLIST_FILE = test328/Info.plist;
				LD_RUNPATH_SEARCH_PATHS = "$(inherited) @executable_path/Frameworks";
				PRODUCT_BUNDLE_IDENTIFIER = com.ssw.test328;
				PRODUCT_NAME = "$(TARGET_NAME)";
				SWIFT_VERSION = 4.0;
				TARGETED_DEVICE_FAMILY = "1,2";
			};
			name = Release;
		};
/* End XCBuildConfiguration section */

/* Begin XCConfigurationList section */
		C65F507B206B26F9002C852C /* Build configuration list for PBXProject "test328" */ = {
			isa = XCConfigurationList;
			buildConfigurations = (
				C65F5090206B26F9002C852C /* Debug */,
				C65F5091206B26F9002C852C /* Release */,
			);
			defaultConfigurationIsVisible = 0;
			defaultConfigurationName = Release;
		};
		C65F5092206B26F9002C852C /* Build configuration list for PBXNativeTarget "test328" */ = {
			isa = XCConfigurationList;
			buildConfigurations = (
				C65F5093206B26F9002C852C /* Debug */,
				C65F5094206B26F9002C852C /* Release */,
			);
			defaultConfigurationIsVisible = 0;
			defaultConfigurationName = Release;
		};
/* End XCConfigurationList section */
	};
	rootObject = C65F5078206B26F9002C852C /* Project object */;
}
