// !$*UTF8*$!
{
	archiveVersion = 1;
	classes = {
	};
	objectVersion = 50;
	objects = {

/* Begin PBXBuildFile section */
		C24F371D209BDF970049CABC /* AppDelegate.swift in Sources */ = {isa = PBXBuildFile; fileRef = C24F371C209BDF970049CABC /* AppDelegate.swift */; };
		C24F371F209BDF970049CABC /* ViewController.swift in Sources */ = {isa = PBXBuildFile; fileRef = C24F371E209BDF970049CABC /* ViewController.swift */; };
		C24F3722209BDF970049CABC /* Main.storyboard in Resources */ = {isa = PBXBuildFile; fileRef = C24F3720209BDF970049CABC /* Main.storyboard */; };
		C24F3725209BDF970049CABC /* CoreDataEx.xcdatamodeld in Sources */ = {isa = PBXBuildFile; fileRef = C24F3723209BDF970049CABC /* CoreDataEx.xcdatamodeld */; };
		C24F3727209BDF980049CABC /* Assets.xcassets in Resources */ = {isa = PBXBuildFile; fileRef = C24F3726209BDF980049CABC /* Assets.xcassets */; };
		C24F372A209BDF980049CABC /* LaunchScreen.storyboard in Resources */ = {isa = PBXBuildFile; fileRef = C24F3728209BDF980049CABC /* LaunchScreen.storyboard */; };
/* End PBXBuildFile section */

/* Begin PBXFileReference section */
		C24F3719209BDF970049CABC /* CoreDataEx.app */ = {isa = PBXFileReference; explicitFileType = wrapper.application; includeInIndex = 0; path = CoreDataEx.app; sourceTree = BUILT_PRODUCTS_DIR; };
		C24F371C209BDF970049CABC /* AppDelegate.swift */ = {isa = PBXFileReference; lastKnownFileType = sourcecode.swift; path = AppDelegate.swift; sourceTree = "<group>"; };
		C24F371E209BDF970049CABC /* ViewController.swift */ = {isa = PBXFileReference; lastKnownFileType = sourcecode.swift; path = ViewController.swift; sourceTree = "<group>"; };
		C24F3721209BDF970049CABC /* Base */ = {isa = PBXFileReference; lastKnownFileType = file.storyboard; name = Base; path = Base.lproj/Main.storyboard; sourceTree = "<group>"; };
		C24F3724209BDF970049CABC /* CoreDataEx.xcdatamodel */ = {isa = PBXFileReference; lastKnownFileType = wrapper.xcdatamodel; path = CoreDataEx.xcdatamodel; sourceTree = "<group>"; };
		C24F3726209BDF980049CABC /* Assets.xcassets */ = {isa = PBXFileReference; lastKnownFileType = folder.assetcatalog; path = Assets.xcassets; sourceTree = "<group>"; };
		C24F3729209BDF980049CABC /* Base */ = {isa = PBXFileReference; lastKnownFileType = file.storyboard; name = Base; path = Base.lproj/LaunchScreen.storyboard; sourceTree = "<group>"; };
		C24F372B209BDF980049CABC /* Info.plist */ = {isa = PBXFileReference; lastKnownFileType = text.plist.xml; path = Info.plist; sourceTree = "<group>"; };
/* End PBXFileReference section */

/* Begin PBXFrameworksBuildPhase section */
		C24F3716209BDF970049CABC /* Frameworks */ = {
			isa = PBXFrameworksBuildPhase;
			buildActionMask = 2147483647;
			files = (
			);
			runOnlyForDeploymentPostprocessing = 0;
		};
/* End PBXFrameworksBuildPhase section */

/* Begin PBXGroup section */
		C24F3710209BDF970049CABC = {
			isa = PBXGroup;
			children = (
				C24F371B209BDF970049CABC /* CoreDataEx */,
				C24F371A209BDF970049CABC /* Products */,
			);
			sourceTree = "<group>";
		};
		C24F371A209BDF970049CABC /* Products */ = {
			isa = PBXGroup;
			children = (
				C24F3719209BDF970049CABC /* CoreDataEx.app */,
			);
			name = Products;
			sourceTree = "<group>";
		};
		C24F371B209BDF970049CABC /* CoreDataEx */ = {
			isa = PBXGroup;
			children = (
				C24F371C209BDF970049CABC /* AppDelegate.swift */,
				C24F371E209BDF970049CABC /* ViewController.swift */,
				C24F3720209BDF970049CABC /* Main.storyboard */,
				C24F3726209BDF980049CABC /* Assets.xcassets */,
				C24F3728209BDF980049CABC /* LaunchScreen.storyboard */,
				C24F372B209BDF980049CABC /* Info.plist */,
				C24F3723209BDF970049CABC /* CoreDataEx.xcdatamodeld */,
			);
			path = CoreDataEx;
			sourceTree = "<group>";
		};
/* End PBXGroup section */

/* Begin PBXNativeTarget section */
		C24F3718209BDF970049CABC /* CoreDataEx */ = {
			isa = PBXNativeTarget;
			buildConfigurationList = C24F372E209BDF980049CABC /* Build configuration list for PBXNativeTarget "CoreDataEx" */;
			buildPhases = (
				C24F3715209BDF970049CABC /* Sources */,
				C24F3716209BDF970049CABC /* Frameworks */,
				C24F3717209BDF970049CABC /* Resources */,
			);
			buildRules = (
			);
			dependencies = (
			);
			name = CoreDataEx;
			productName = CoreDataEx;
			productReference = C24F3719209BDF970049CABC /* CoreDataEx.app */;
			productType = "com.apple.product-type.application";
		};
/* End PBXNativeTarget section */

/* Begin PBXProject section */
		C24F3711209BDF970049CABC /* Project object */ = {
			isa = PBXProject;
			attributes = {
				LastSwiftUpdateCheck = 0930;
				LastUpgradeCheck = 0930;
				ORGANIZATIONNAME = "스마트금융과2";
				TargetAttributes = {
					C24F3718209BDF970049CABC = {
						CreatedOnToolsVersion = 9.3;
					};
				};
			};
			buildConfigurationList = C24F3714209BDF970049CABC /* Build configuration list for PBXProject "CoreDataEx" */;
			compatibilityVersion = "Xcode 9.3";
			developmentRegion = en;
			hasScannedForEncodings = 0;
			knownRegions = (
				en,
				Base,
			);
			mainGroup = C24F3710209BDF970049CABC;
			productRefGroup = C24F371A209BDF970049CABC /* Products */;
			projectDirPath = "";
			projectRoot = "";
			targets = (
				C24F3718209BDF970049CABC /* CoreDataEx */,
			);
		};
/* End PBXProject section */

/* Begin PBXResourcesBuildPhase section */
		C24F3717209BDF970049CABC /* Resources */ = {
			isa = PBXResourcesBuildPhase;
			buildActionMask = 2147483647;
			files = (
				C24F372A209BDF980049CABC /* LaunchScreen.storyboard in Resources */,
				C24F3727209BDF980049CABC /* Assets.xcassets in Resources */,
				C24F3722209BDF970049CABC /* Main.storyboard in Resources */,
			);
			runOnlyForDeploymentPostprocessing = 0;
		};
/* End PBXResourcesBuildPhase section */

/* Begin PBXSourcesBuildPhase section */
		C24F3715209BDF970049CABC /* Sources */ = {
			isa = PBXSourcesBuildPhase;
			buildActionMask = 2147483647;
			files = (
				C24F3725209BDF970049CABC /* CoreDataEx.xcdatamodeld in Sources */,
				C24F371F209BDF970049CABC /* ViewController.swift in Sources */,
				C24F371D209BDF970049CABC /* AppDelegate.swift in Sources */,
			);
			runOnlyForDeploymentPostprocessing = 0;
		};
/* End PBXSourcesBuildPhase section */

/* Begin PBXVariantGroup section */
		C24F3720209BDF970049CABC /* Main.storyboard */ = {
			isa = PBXVariantGroup;
			children = (
				C24F3721209BDF970049CABC /* Base */,
			);
			name = Main.storyboard;
			sourceTree = "<group>";
		};
		C24F3728209BDF980049CABC /* LaunchScreen.storyboard */ = {
			isa = PBXVariantGroup;
			children = (
				C24F3729209BDF980049CABC /* Base */,
			);
			name = LaunchScreen.storyboard;
			sourceTree = "<group>";
		};
/* End PBXVariantGroup section */

/* Begin XCBuildConfiguration section */
		C24F372C209BDF980049CABC /* Debug */ = {
			isa = XCBuildConfiguration;
			buildSettings = {
				ALWAYS_SEARCH_USER_PATHS = NO;
				CLANG_ANALYZER_NONNULL = YES;
				CLANG_ANALYZER_NUMBER_OBJECT_CONVERSION = YES_AGGRESSIVE;
				CLANG_CXX_LANGUAGE_STANDARD = "gnu++14";
				CLANG_CXX_LIBRARY = "libc++";
				CLANG_ENABLE_MODULES = YES;
				CLANG_ENABLE_OBJC_ARC = YES;
				CLANG_ENABLE_OBJC_WEAK = YES;
				CLANG_WARN_BLOCK_CAPTURE_AUTORELEASING = YES;
				CLANG_WARN_BOOL_CONVERSION = YES;
				CLANG_WARN_COMMA = YES;
				CLANG_WARN_CONSTANT_CONVERSION = YES;
				CLANG_WARN_DEPRECATED_OBJC_IMPLEMENTATIONS = YES;
				CLANG_WARN_DIRECT_OBJC_ISA_USAGE = YES_ERROR;
				CLANG_WARN_DOCUMENTATION_COMMENTS = YES;
				CLANG_WARN_EMPTY_BODY = YES;
				CLANG_WARN_ENUM_CONVERSION = YES;
				CLANG_WARN_INFINITE_RECURSION = YES;
				CLANG_WARN_INT_CONVERSION = YES;
				CLANG_WARN_NON_LITERAL_NULL_CONVERSION = YES;
				CLANG_WARN_OBJC_IMPLICIT_RETAIN_SELF = YES;
				CLANG_WARN_OBJC_LITERAL_CONVERSION = YES;
				CLANG_WARN_OBJC_ROOT_CLASS = YES_ERROR;
				CLANG_WARN_RANGE_LOOP_ANALYSIS = YES;
				CLANG_WARN_STRICT_PROTOTYPES = YES;
				CLANG_WARN_SUSPICIOUS_MOVE = YES;
				CLANG_WARN_UNGUARDED_AVAILABILITY = YES_AGGRESSIVE;
				CLANG_WARN_UNREACHABLE_CODE = YES;
				CLANG_WARN__DUPLICATE_METHOD_MATCH = YES;
				CODE_SIGN_IDENTITY = "iPhone Developer";
				COPY_PHASE_STRIP = NO;
				DEBUG_INFORMATION_FORMAT = dwarf;
				ENABLE_STRICT_OBJC_MSGSEND = YES;
				ENABLE_TESTABILITY = YES;
				GCC_C_LANGUAGE_STANDARD = gnu11;
				GCC_DYNAMIC_NO_PIC = NO;
				GCC_NO_COMMON_BLOCKS = YES;
				GCC_OPTIMIZATION_LEVEL = 0;
				GCC_PREPROCESSOR_DEFINITIONS = (
					"DEBUG=1",
					"$(inherited)",
				);
				GCC_WARN_64_TO_32_BIT_CONVERSION = YES;
				GCC_WARN_ABOUT_RETURN_TYPE = YES_ERROR;
				GCC_WARN_UNDECLARED_SELECTOR = YES;
				GCC_WARN_UNINITIALIZED_AUTOS = YES_AGGRESSIVE;
				GCC_WARN_UNUSED_FUNCTION = YES;
				GCC_WARN_UNUSED_VARIABLE = YES;
				IPHONEOS_DEPLOYMENT_TARGET = 11.3;
				MTL_ENABLE_DEBUG_INFO = YES;
				ONLY_ACTIVE_ARCH = YES;
				SDKROOT = iphoneos;
				SWIFT_ACTIVE_COMPILATION_CONDITIONS = DEBUG;
				SWIFT_OPTIMIZATION_LEVEL = "-Onone";
			};
			name = Debug;
		};
		C24F372D209BDF980049CABC /* Release */ = {
			isa = XCBuildConfiguration;
			buildSettings = {
				ALWAYS_SEARCH_USER_PATHS = NO;
				CLANG_ANALYZER_NONNULL = YES;
				CLANG_ANALYZER_NUMBER_OBJECT_CONVERSION = YES_AGGRESSIVE;
				CLANG_CXX_LANGUAGE_STANDARD = "gnu++14";
				CLANG_CXX_LIBRARY = "libc++";
				CLANG_ENABLE_MODULES = YES;
				CLANG_ENABLE_OBJC_ARC = YES;
				CLANG_ENABLE_OBJC_WEAK = YES;
				CLANG_WARN_BLOCK_CAPTURE_AUTORELEASING = YES;
				CLANG_WARN_BOOL_CONVERSION = YES;
				CLANG_WARN_COMMA = YES;
				CLANG_WARN_CONSTANT_CONVERSION = YES;
				CLANG_WARN_DEPRECATED_OBJC_IMPLEMENTATIONS = YES;
				CLANG_WARN_DIRECT_OBJC_ISA_USAGE = YES_ERROR;
				CLANG_WARN_DOCUMENTATION_COMMENTS = YES;
				CLANG_WARN_EMPTY_BODY = YES;
				CLANG_WARN_ENUM_CONVERSION = YES;
				CLANG_WARN_INFINITE_RECURSION = YES;
				CLANG_WARN_INT_CONVERSION = YES;
				CLANG_WARN_NON_LITERAL_NULL_CONVERSION = YES;
				CLANG_WARN_OBJC_IMPLICIT_RETAIN_SELF = YES;
				CLANG_WARN_OBJC_LITERAL_CONVERSION = YES;
				CLANG_WARN_OBJC_ROOT_CLASS = YES_ERROR;
				CLANG_WARN_RANGE_LOOP_ANALYSIS = YES;
				CLANG_WARN_STRICT_PROTOTYPES = YES;
				CLANG_WARN_SUSPICIOUS_MOVE = YES;
				CLANG_WARN_UNGUARDED_AVAILABILITY = YES_AGGRESSIVE;
				CLANG_WARN_UNREACHABLE_CODE = YES;
				CLANG_WARN__DUPLICATE_METHOD_MATCH = YES;
				CODE_SIGN_IDENTITY = "iPhone Developer";
				COPY_PHASE_STRIP = NO;
				DEBUG_INFORMATION_FORMAT = "dwarf-with-dsym";
				ENABLE_NS_ASSERTIONS = NO;
				ENABLE_STRICT_OBJC_MSGSEND = YES;
				GCC_C_LANGUAGE_STANDARD = gnu11;
				GCC_NO_COMMON_BLOCKS = YES;
				GCC_WARN_64_TO_32_BIT_CONVERSION = YES;
				GCC_WARN_ABOUT_RETURN_TYPE = YES_ERROR;
				GCC_WARN_UNDECLARED_SELECTOR = YES;
				GCC_WARN_UNINITIALIZED_AUTOS = YES_AGGRESSIVE;
				GCC_WARN_UNUSED_FUNCTION = YES;
				GCC_WARN_UNUSED_VARIABLE = YES;
				IPHONEOS_DEPLOYMENT_TARGET = 11.3;
				MTL_ENABLE_DEBUG_INFO = NO;
				SDKROOT = iphoneos;
				SWIFT_COMPILATION_MODE = wholemodule;
				SWIFT_OPTIMIZATION_LEVEL = "-O";
				VALIDATE_PRODUCT = YES;
			};
			name = Release;
		};
		C24F372F209BDF980049CABC /* Debug */ = {
			isa = XCBuildConfiguration;
			buildSettings = {
				ASSETCATALOG_COMPILER_APPICON_NAME = AppIcon;
				CODE_SIGN_STYLE = Automatic;
				INFOPLIST_FILE = CoreDataEx/Info.plist;
				LD_RUNPATH_SEARCH_PATHS = (
					"$(inherited)",
					"@executable_path/Frameworks",
				);
				PRODUCT_BUNDLE_IDENTIFIER = dash.CoreDataEx;
				PRODUCT_NAME = "$(TARGET_NAME)";
				SWIFT_VERSION = 4.0;
				TARGETED_DEVICE_FAMILY = "1,2";
			};
			name = Debug;
		};
		C24F3730209BDF980049CABC /* Release */ = {
			isa = XCBuildConfiguration;
			buildSettings = {
				ASSETCATALOG_COMPILER_APPICON_NAME = AppIcon;
				CODE_SIGN_STYLE = Automatic;
				INFOPLIST_FILE = CoreDataEx/Info.plist;
				LD_RUNPATH_SEARCH_PATHS = (
					"$(inherited)",
					"@executable_path/Frameworks",
				);
				PRODUCT_BUNDLE_IDENTIFIER = dash.CoreDataEx;
				PRODUCT_NAME = "$(TARGET_NAME)";
				SWIFT_VERSION = 4.0;
				TARGETED_DEVICE_FAMILY = "1,2";
			};
			name = Release;
		};
/* End XCBuildConfiguration section */

/* Begin XCConfigurationList section */
		C24F3714209BDF970049CABC /* Build configuration list for PBXProject "CoreDataEx" */ = {
			isa = XCConfigurationList;
			buildConfigurations = (
				C24F372C209BDF980049CABC /* Debug */,
				C24F372D209BDF980049CABC /* Release */,
			);
			defaultConfigurationIsVisible = 0;
			defaultConfigurationName = Release;
		};
		C24F372E209BDF980049CABC /* Build configuration list for PBXNativeTarget "CoreDataEx" */ = {
			isa = XCConfigurationList;
			buildConfigurations = (
				C24F372F209BDF980049CABC /* Debug */,
				C24F3730209BDF980049CABC /* Release */,
			);
			defaultConfigurationIsVisible = 0;
			defaultConfigurationName = Release;
		};
/* End XCConfigurationList section */

/* Begin XCVersionGroup section */
		C24F3723209BDF970049CABC /* CoreDataEx.xcdatamodeld */ = {
			isa = XCVersionGroup;
			children = (
				C24F3724209BDF970049CABC /* CoreDataEx.xcdatamodel */,
			);
			currentVersion = C24F3724209BDF970049CABC /* CoreDataEx.xcdatamodel */;
			path = CoreDataEx.xcdatamodeld;
			sourceTree = "<group>";
			versionGroupType = wrapper.xcdatamodel;
		};
/* End XCVersionGroup section */
	};
	rootObject = C24F3711209BDF970049CABC /* Project object */;
}
