// !$*UTF8*$!
{
	archiveVersion = 1;
	classes = {
	};
	objectVersion = 48;
	objects = {

/* Begin PBXBuildFile section */
		CDB237DB207342EB0022C8FD /* AppDelegate.swift in Sources */ = {isa = PBXBuildFile; fileRef = CDB237DA207342EB0022C8FD /* AppDelegate.swift */; };
		CDB237DD207342EB0022C8FD /* ViewController.swift in Sources */ = {isa = PBXBuildFile; fileRef = CDB237DC207342EB0022C8FD /* ViewController.swift */; };
		CDB237E0207342EB0022C8FD /* Main.storyboard in Resources */ = {isa = PBXBuildFile; fileRef = CDB237DE207342EB0022C8FD /* Main.storyboard */; };
		CDB237E2207342EB0022C8FD /* Assets.xcassets in Resources */ = {isa = PBXBuildFile; fileRef = CDB237E1207342EB0022C8FD /* Assets.xcassets */; };
		CDB237E5207342EB0022C8FD /* LaunchScreen.storyboard in Resources */ = {isa = PBXBuildFile; fileRef = CDB237E3207342EB0022C8FD /* LaunchScreen.storyboard */; };
		CDB237EF207343B40022C8FD /* scissors.png in Resources */ = {isa = PBXBuildFile; fileRef = CDB237EC207343B40022C8FD /* scissors.png */; };
		CDB237F0207343B40022C8FD /* rock.png in Resources */ = {isa = PBXBuildFile; fileRef = CDB237ED207343B40022C8FD /* rock.png */; };
		CDB237F1207343B40022C8FD /* paper.png in Resources */ = {isa = PBXBuildFile; fileRef = CDB237EE207343B40022C8FD /* paper.png */; };
/* End PBXBuildFile section */

/* Begin PBXFileReference section */
		CDB237D7207342EB0022C8FD /* L5Test.app */ = {isa = PBXFileReference; explicitFileType = wrapper.application; includeInIndex = 0; path = L5Test.app; sourceTree = BUILT_PRODUCTS_DIR; };
		CDB237DA207342EB0022C8FD /* AppDelegate.swift */ = {isa = PBXFileReference; lastKnownFileType = sourcecode.swift; path = AppDelegate.swift; sourceTree = "<group>"; };
		CDB237DC207342EB0022C8FD /* ViewController.swift */ = {isa = PBXFileReference; lastKnownFileType = sourcecode.swift; path = ViewController.swift; sourceTree = "<group>"; };
		CDB237DF207342EB0022C8FD /* Base */ = {isa = PBXFileReference; lastKnownFileType = file.storyboard; name = Base; path = Base.lproj/Main.storyboard; sourceTree = "<group>"; };
		CDB237E1207342EB0022C8FD /* Assets.xcassets */ = {isa = PBXFileReference; lastKnownFileType = folder.assetcatalog; path = Assets.xcassets; sourceTree = "<group>"; };
		CDB237E4207342EB0022C8FD /* Base */ = {isa = PBXFileReference; lastKnownFileType = file.storyboard; name = Base; path = Base.lproj/LaunchScreen.storyboard; sourceTree = "<group>"; };
		CDB237E6207342EB0022C8FD /* Info.plist */ = {isa = PBXFileReference; lastKnownFileType = text.plist.xml; path = Info.plist; sourceTree = "<group>"; };
		CDB237EC207343B40022C8FD /* scissors.png */ = {isa = PBXFileReference; lastKnownFileType = image.png; path = scissors.png; sourceTree = "<group>"; };
		CDB237ED207343B40022C8FD /* rock.png */ = {isa = PBXFileReference; lastKnownFileType = image.png; path = rock.png; sourceTree = "<group>"; };
		CDB237EE207343B40022C8FD /* paper.png */ = {isa = PBXFileReference; lastKnownFileType = image.png; path = paper.png; sourceTree = "<group>"; };
/* End PBXFileReference section */

/* Begin PBXFrameworksBuildPhase section */
		CDB237D4207342EB0022C8FD /* Frameworks */ = {
			isa = PBXFrameworksBuildPhase;
			buildActionMask = 2147483647;
			files = (
			);
			runOnlyForDeploymentPostprocessing = 0;
		};
/* End PBXFrameworksBuildPhase section */

/* Begin PBXGroup section */
		CDB237CE207342EB0022C8FD = {
			isa = PBXGroup;
			children = (
				CDB237EE207343B40022C8FD /* paper.png */,
				CDB237ED207343B40022C8FD /* rock.png */,
				CDB237EC207343B40022C8FD /* scissors.png */,
				CDB237D9207342EB0022C8FD /* L5Test */,
				CDB237D8207342EB0022C8FD /* Products */,
			);
			sourceTree = "<group>";
		};
		CDB237D8207342EB0022C8FD /* Products */ = {
			isa = PBXGroup;
			children = (
				CDB237D7207342EB0022C8FD /* L5Test.app */,
			);
			name = Products;
			sourceTree = "<group>";
		};
		CDB237D9207342EB0022C8FD /* L5Test */ = {
			isa = PBXGroup;
			children = (
				CDB237DA207342EB0022C8FD /* AppDelegate.swift */,
				CDB237DC207342EB0022C8FD /* ViewController.swift */,
				CDB237DE207342EB0022C8FD /* Main.storyboard */,
				CDB237E1207342EB0022C8FD /* Assets.xcassets */,
				CDB237E3207342EB0022C8FD /* LaunchScreen.storyboard */,
				CDB237E6207342EB0022C8FD /* Info.plist */,
			);
			path = L5Test;
			sourceTree = "<group>";
		};
/* End PBXGroup section */

/* Begin PBXNativeTarget section */
		CDB237D6207342EB0022C8FD /* L5Test */ = {
			isa = PBXNativeTarget;
			buildConfigurationList = CDB237E9207342EB0022C8FD /* Build configuration list for PBXNativeTarget "L5Test" */;
			buildPhases = (
				CDB237D3207342EB0022C8FD /* Sources */,
				CDB237D4207342EB0022C8FD /* Frameworks */,
				CDB237D5207342EB0022C8FD /* Resources */,
			);
			buildRules = (
			);
			dependencies = (
			);
			name = L5Test;
			productName = L5Test;
			productReference = CDB237D7207342EB0022C8FD /* L5Test.app */;
			productType = "com.apple.product-type.application";
		};
/* End PBXNativeTarget section */

/* Begin PBXProject section */
		CDB237CF207342EB0022C8FD /* Project object */ = {
			isa = PBXProject;
			attributes = {
				LastSwiftUpdateCheck = 0920;
				LastUpgradeCheck = 0920;
				ORGANIZATIONNAME = hwy;
				TargetAttributes = {
					CDB237D6207342EB0022C8FD = {
						CreatedOnToolsVersion = 9.2;
						ProvisioningStyle = Automatic;
					};
				};
			};
			buildConfigurationList = CDB237D2207342EB0022C8FD /* Build configuration list for PBXProject "L5Test" */;
			compatibilityVersion = "Xcode 8.0";
			developmentRegion = en;
			hasScannedForEncodings = 0;
			knownRegions = (
				en,
				Base,
			);
			mainGroup = CDB237CE207342EB0022C8FD;
			productRefGroup = CDB237D8207342EB0022C8FD /* Products */;
			projectDirPath = "";
			projectRoot = "";
			targets = (
				CDB237D6207342EB0022C8FD /* L5Test */,
			);
		};
/* End PBXProject section */

/* Begin PBXResourcesBuildPhase section */
		CDB237D5207342EB0022C8FD /* Resources */ = {
			isa = PBXResourcesBuildPhase;
			buildActionMask = 2147483647;
			files = (
				CDB237EF207343B40022C8FD /* scissors.png in Resources */,
				CDB237F0207343B40022C8FD /* rock.png in Resources */,
				CDB237F1207343B40022C8FD /* paper.png in Resources */,
				CDB237E5207342EB0022C8FD /* LaunchScreen.storyboard in Resources */,
				CDB237E2207342EB0022C8FD /* Assets.xcassets in Resources */,
				CDB237E0207342EB0022C8FD /* Main.storyboard in Resources */,
			);
			runOnlyForDeploymentPostprocessing = 0;
		};
/* End PBXResourcesBuildPhase section */

/* Begin PBXSourcesBuildPhase section */
		CDB237D3207342EB0022C8FD /* Sources */ = {
			isa = PBXSourcesBuildPhase;
			buildActionMask = 2147483647;
			files = (
				CDB237DD207342EB0022C8FD /* ViewController.swift in Sources */,
				CDB237DB207342EB0022C8FD /* AppDelegate.swift in Sources */,
			);
			runOnlyForDeploymentPostprocessing = 0;
		};
/* End PBXSourcesBuildPhase section */

/* Begin PBXVariantGroup section */
		CDB237DE207342EB0022C8FD /* Main.storyboard */ = {
			isa = PBXVariantGroup;
			children = (
				CDB237DF207342EB0022C8FD /* Base */,
			);
			name = Main.storyboard;
			sourceTree = "<group>";
		};
		CDB237E3207342EB0022C8FD /* LaunchScreen.storyboard */ = {
			isa = PBXVariantGroup;
			children = (
				CDB237E4207342EB0022C8FD /* Base */,
			);
			name = LaunchScreen.storyboard;
			sourceTree = "<group>";
		};
/* End PBXVariantGroup section */

/* Begin XCBuildConfiguration section */
		CDB237E7207342EB0022C8FD /* Debug */ = {
			isa = XCBuildConfiguration;
			buildSettings = {
				ALWAYS_SEARCH_USER_PATHS = NO;
				CLANG_ANALYZER_NONNULL = YES;
				CLANG_ANALYZER_NUMBER_OBJECT_CONVERSION = YES_AGGRESSIVE;
				CLANG_CXX_LANGUAGE_STANDARD = "gnu++14";
				CLANG_CXX_LIBRARY = "libc++";
				CLANG_ENABLE_MODULES = YES;
				CLANG_ENABLE_OBJC_ARC = YES;
				CLANG_WARN_BLOCK_CAPTURE_AUTORELEASING = YES;
				CLANG_WARN_BOOL_CONVERSION = YES;
				CLANG_WARN_COMMA = YES;
				CLANG_WARN_CONSTANT_CONVERSION = YES;
				CLANG_WARN_DIRECT_OBJC_ISA_USAGE = YES_ERROR;
				CLANG_WARN_DOCUMENTATION_COMMENTS = YES;
				CLANG_WARN_EMPTY_BODY = YES;
				CLANG_WARN_ENUM_CONVERSION = YES;
				CLANG_WARN_INFINITE_RECURSION = YES;
				CLANG_WARN_INT_CONVERSION = YES;
				CLANG_WARN_NON_LITERAL_NULL_CONVERSION = YES;
				CLANG_WARN_OBJC_LITERAL_CONVERSION = YES;
				CLANG_WARN_OBJC_ROOT_CLASS = YES_ERROR;
				CLANG_WARN_RANGE_LOOP_ANALYSIS = YES;
				CLANG_WARN_STRICT_PROTOTYPES = YES;
				CLANG_WARN_SUSPICIOUS_MOVE = YES;
				CLANG_WARN_UNGUARDED_AVAILABILITY = YES_AGGRESSIVE;
				CLANG_WARN_UNREACHABLE_CODE = YES;
				CLANG_WARN__DUPLICATE_METHOD_MATCH = YES;
				CODE_SIGN_IDENTITY = "iPhone Developer";
				COPY_PHASE_STRIP = NO;
				DEBUG_INFORMATION_FORMAT = dwarf;
				ENABLE_STRICT_OBJC_MSGSEND = YES;
				ENABLE_TESTABILITY = YES;
				GCC_C_LANGUAGE_STANDARD = gnu11;
				GCC_DYNAMIC_NO_PIC = NO;
				GCC_NO_COMMON_BLOCKS = YES;
				GCC_OPTIMIZATION_LEVEL = 0;
				GCC_PREPROCESSOR_DEFINITIONS = (
					"DEBUG=1",
					"$(inherited)",
				);
				GCC_WARN_64_TO_32_BIT_CONVERSION = YES;
				GCC_WARN_ABOUT_RETURN_TYPE = YES_ERROR;
				GCC_WARN_UNDECLARED_SELECTOR = YES;
				GCC_WARN_UNINITIALIZED_AUTOS = YES_AGGRESSIVE;
				GCC_WARN_UNUSED_FUNCTION = YES;
				GCC_WARN_UNUSED_VARIABLE = YES;
				IPHONEOS_DEPLOYMENT_TARGET = 11.2;
				MTL_ENABLE_DEBUG_INFO = YES;
				ONLY_ACTIVE_ARCH = YES;
				SDKROOT = iphoneos;
				SWIFT_ACTIVE_COMPILATION_CONDITIONS = DEBUG;
				SWIFT_OPTIMIZATION_LEVEL = "-Onone";
			};
			name = Debug;
		};
		CDB237E8207342EB0022C8FD /* Release */ = {
			isa = XCBuildConfiguration;
			buildSettings = {
				ALWAYS_SEARCH_USER_PATHS = NO;
				CLANG_ANALYZER_NONNULL = YES;
				CLANG_ANALYZER_NUMBER_OBJECT_CONVERSION = YES_AGGRESSIVE;
				CLANG_CXX_LANGUAGE_STANDARD = "gnu++14";
				CLANG_CXX_LIBRARY = "libc++";
				CLANG_ENABLE_MODULES = YES;
				CLANG_ENABLE_OBJC_ARC = YES;
				CLANG_WARN_BLOCK_CAPTURE_AUTORELEASING = YES;
				CLANG_WARN_BOOL_CONVERSION = YES;
				CLANG_WARN_COMMA = YES;
				CLANG_WARN_CONSTANT_CONVERSION = YES;
				CLANG_WARN_DIRECT_OBJC_ISA_USAGE = YES_ERROR;
				CLANG_WARN_DOCUMENTATION_COMMENTS = YES;
				CLANG_WARN_EMPTY_BODY = YES;
				CLANG_WARN_ENUM_CONVERSION = YES;
				CLANG_WARN_INFINITE_RECURSION = YES;
				CLANG_WARN_INT_CONVERSION = YES;
				CLANG_WARN_NON_LITERAL_NULL_CONVERSION = YES;
				CLANG_WARN_OBJC_LITERAL_CONVERSION = YES;
				CLANG_WARN_OBJC_ROOT_CLASS = YES_ERROR;
				CLANG_WARN_RANGE_LOOP_ANALYSIS = YES;
				CLANG_WARN_STRICT_PROTOTYPES = YES;
				CLANG_WARN_SUSPICIOUS_MOVE = YES;
				CLANG_WARN_UNGUARDED_AVAILABILITY = YES_AGGRESSIVE;
				CLANG_WARN_UNREACHABLE_CODE = YES;
				CLANG_WARN__DUPLICATE_METHOD_MATCH = YES;
				CODE_SIGN_IDENTITY = "iPhone Developer";
				COPY_PHASE_STRIP = NO;
				DEBUG_INFORMATION_FORMAT = "dwarf-with-dsym";
				ENABLE_NS_ASSERTIONS = NO;
				ENABLE_STRICT_OBJC_MSGSEND = YES;
				GCC_C_LANGUAGE_STANDARD = gnu11;
				GCC_NO_COMMON_BLOCKS = YES;
				GCC_WARN_64_TO_32_BIT_CONVERSION = YES;
				GCC_WARN_ABOUT_RETURN_TYPE = YES_ERROR;
				GCC_WARN_UNDECLARED_SELECTOR = YES;
				GCC_WARN_UNINITIALIZED_AUTOS = YES_AGGRESSIVE;
				GCC_WARN_UNUSED_FUNCTION = YES;
				GCC_WARN_UNUSED_VARIABLE = YES;
				IPHONEOS_DEPLOYMENT_TARGET = 11.2;
				MTL_ENABLE_DEBUG_INFO = NO;
				SDKROOT = iphoneos;
				SWIFT_OPTIMIZATION_LEVEL = "-Owholemodule";
				VALIDATE_PRODUCT = YES;
			};
			name = Release;
		};
		CDB237EA207342EB0022C8FD /* Debug */ = {
			isa = XCBuildConfiguration;
			buildSettings = {
				ASSETCATALOG_COMPILER_APPICON_NAME = AppIcon;
				CODE_SIGN_STYLE = Automatic;
				INFOPLIST_FILE = L5Test/Info.plist;
				LD_RUNPATH_SEARCH_PATHS = "$(inherited) @executable_path/Frameworks";
				PRODUCT_BUNDLE_IDENTIFIER = com.hwy.L5Test;
				PRODUCT_NAME = "$(TARGET_NAME)";
				SWIFT_VERSION = 4.0;
				TARGETED_DEVICE_FAMILY = "1,2";
			};
			name = Debug;
		};
		CDB237EB207342EB0022C8FD /* Release */ = {
			isa = XCBuildConfiguration;
			buildSettings = {
				ASSETCATALOG_COMPILER_APPICON_NAME = AppIcon;
				CODE_SIGN_STYLE = Automatic;
				INFOPLIST_FILE = L5Test/Info.plist;
				LD_RUNPATH_SEARCH_PATHS = "$(inherited) @executable_path/Frameworks";
				PRODUCT_BUNDLE_IDENTIFIER = com.hwy.L5Test;
				PRODUCT_NAME = "$(TARGET_NAME)";
				SWIFT_VERSION = 4.0;
				TARGETED_DEVICE_FAMILY = "1,2";
			};
			name = Release;
		};
/* End XCBuildConfiguration section */

/* Begin XCConfigurationList section */
		CDB237D2207342EB0022C8FD /* Build configuration list for PBXProject "L5Test" */ = {
			isa = XCConfigurationList;
			buildConfigurations = (
				CDB237E7207342EB0022C8FD /* Debug */,
				CDB237E8207342EB0022C8FD /* Release */,
			);
			defaultConfigurationIsVisible = 0;
			defaultConfigurationName = Release;
		};
		CDB237E9207342EB0022C8FD /* Build configuration list for PBXNativeTarget "L5Test" */ = {
			isa = XCConfigurationList;
			buildConfigurations = (
				CDB237EA207342EB0022C8FD /* Debug */,
				CDB237EB207342EB0022C8FD /* Release */,
			);
			defaultConfigurationIsVisible = 0;
			defaultConfigurationName = Release;
		};
/* End XCConfigurationList section */
	};
	rootObject = CDB237CF207342EB0022C8FD /* Project object */;
}
