// !$*UTF8*$!
{
	archiveVersion = 1;
	classes = {
	};
	objectVersion = 50;
	objects = {

/* Begin PBXBuildFile section */
		CD1618042096CFAC00DF9301 /* AppDelegate.swift in Sources */ = {isa = PBXBuildFile; fileRef = CD1618032096CFAC00DF9301 /* AppDelegate.swift */; };
		CD1618062096CFAC00DF9301 /* ViewController.swift in Sources */ = {isa = PBXBuildFile; fileRef = CD1618052096CFAC00DF9301 /* ViewController.swift */; };
		CD1618092096CFAC00DF9301 /* Main.storyboard in Resources */ = {isa = PBXBuildFile; fileRef = CD1618072096CFAC00DF9301 /* Main.storyboard */; };
		CD16180C2096CFAC00DF9301 /* CoreDataL1.xcdatamodeld in Sources */ = {isa = PBXBuildFile; fileRef = CD16180A2096CFAC00DF9301 /* CoreDataL1.xcdatamodeld */; };
		CD16180E2096CFAD00DF9301 /* Assets.xcassets in Resources */ = {isa = PBXBuildFile; fileRef = CD16180D2096CFAD00DF9301 /* Assets.xcassets */; };
		CD1618112096CFAD00DF9301 /* LaunchScreen.storyboard in Resources */ = {isa = PBXBuildFile; fileRef = CD16180F2096CFAD00DF9301 /* LaunchScreen.storyboard */; };
/* End PBXBuildFile section */

/* Begin PBXFileReference section */
		CD1618002096CFAC00DF9301 /* CoreDataL1.app */ = {isa = PBXFileReference; explicitFileType = wrapper.application; includeInIndex = 0; path = CoreDataL1.app; sourceTree = BUILT_PRODUCTS_DIR; };
		CD1618032096CFAC00DF9301 /* AppDelegate.swift */ = {isa = PBXFileReference; lastKnownFileType = sourcecode.swift; path = AppDelegate.swift; sourceTree = "<group>"; };
		CD1618052096CFAC00DF9301 /* ViewController.swift */ = {isa = PBXFileReference; lastKnownFileType = sourcecode.swift; path = ViewController.swift; sourceTree = "<group>"; };
		CD1618082096CFAC00DF9301 /* Base */ = {isa = PBXFileReference; lastKnownFileType = file.storyboard; name = Base; path = Base.lproj/Main.storyboard; sourceTree = "<group>"; };
		CD16180B2096CFAC00DF9301 /* CoreDataL1.xcdatamodel */ = {isa = PBXFileReference; lastKnownFileType = wrapper.xcdatamodel; path = CoreDataL1.xcdatamodel; sourceTree = "<group>"; };
		CD16180D2096CFAD00DF9301 /* Assets.xcassets */ = {isa = PBXFileReference; lastKnownFileType = folder.assetcatalog; path = Assets.xcassets; sourceTree = "<group>"; };
		CD1618102096CFAD00DF9301 /* Base */ = {isa = PBXFileReference; lastKnownFileType = file.storyboard; name = Base; path = Base.lproj/LaunchScreen.storyboard; sourceTree = "<group>"; };
		CD1618122096CFAD00DF9301 /* Info.plist */ = {isa = PBXFileReference; lastKnownFileType = text.plist.xml; path = Info.plist; sourceTree = "<group>"; };
/* End PBXFileReference section */

/* Begin PBXFrameworksBuildPhase section */
		CD1617FD2096CFAC00DF9301 /* Frameworks */ = {
			isa = PBXFrameworksBuildPhase;
			buildActionMask = 2147483647;
			files = (
			);
			runOnlyForDeploymentPostprocessing = 0;
		};
/* End PBXFrameworksBuildPhase section */

/* Begin PBXGroup section */
		CD1617F72096CFAC00DF9301 = {
			isa = PBXGroup;
			children = (
				CD1618022096CFAC00DF9301 /* CoreDataL1 */,
				CD1618012096CFAC00DF9301 /* Products */,
			);
			sourceTree = "<group>";
		};
		CD1618012096CFAC00DF9301 /* Products */ = {
			isa = PBXGroup;
			children = (
				CD1618002096CFAC00DF9301 /* CoreDataL1.app */,
			);
			name = Products;
			sourceTree = "<group>";
		};
		CD1618022096CFAC00DF9301 /* CoreDataL1 */ = {
			isa = PBXGroup;
			children = (
				CD1618032096CFAC00DF9301 /* AppDelegate.swift */,
				CD1618052096CFAC00DF9301 /* ViewController.swift */,
				CD1618072096CFAC00DF9301 /* Main.storyboard */,
				CD16180D2096CFAD00DF9301 /* Assets.xcassets */,
				CD16180F2096CFAD00DF9301 /* LaunchScreen.storyboard */,
				CD1618122096CFAD00DF9301 /* Info.plist */,
				CD16180A2096CFAC00DF9301 /* CoreDataL1.xcdatamodeld */,
			);
			path = CoreDataL1;
			sourceTree = "<group>";
		};
/* End PBXGroup section */

/* Begin PBXNativeTarget section */
		CD1617FF2096CFAC00DF9301 /* CoreDataL1 */ = {
			isa = PBXNativeTarget;
			buildConfigurationList = CD1618152096CFAD00DF9301 /* Build configuration list for PBXNativeTarget "CoreDataL1" */;
			buildPhases = (
				CD1617FC2096CFAC00DF9301 /* Sources */,
				CD1617FD2096CFAC00DF9301 /* Frameworks */,
				CD1617FE2096CFAC00DF9301 /* Resources */,
			);
			buildRules = (
			);
			dependencies = (
			);
			name = CoreDataL1;
			productName = CoreDataL1;
			productReference = CD1618002096CFAC00DF9301 /* CoreDataL1.app */;
			productType = "com.apple.product-type.application";
		};
/* End PBXNativeTarget section */

/* Begin PBXProject section */
		CD1617F82096CFAC00DF9301 /* Project object */ = {
			isa = PBXProject;
			attributes = {
				LastSwiftUpdateCheck = 0930;
				LastUpgradeCheck = 0930;
				ORGANIZATIONNAME = hwy;
				TargetAttributes = {
					CD1617FF2096CFAC00DF9301 = {
						CreatedOnToolsVersion = 9.3;
					};
				};
			};
			buildConfigurationList = CD1617FB2096CFAC00DF9301 /* Build configuration list for PBXProject "CoreDataL1" */;
			compatibilityVersion = "Xcode 9.3";
			developmentRegion = en;
			hasScannedForEncodings = 0;
			knownRegions = (
				en,
				Base,
			);
			mainGroup = CD1617F72096CFAC00DF9301;
			productRefGroup = CD1618012096CFAC00DF9301 /* Products */;
			projectDirPath = "";
			projectRoot = "";
			targets = (
				CD1617FF2096CFAC00DF9301 /* CoreDataL1 */,
			);
		};
/* End PBXProject section */

/* Begin PBXResourcesBuildPhase section */
		CD1617FE2096CFAC00DF9301 /* Resources */ = {
			isa = PBXResourcesBuildPhase;
			buildActionMask = 2147483647;
			files = (
				CD1618112096CFAD00DF9301 /* LaunchScreen.storyboard in Resources */,
				CD16180E2096CFAD00DF9301 /* Assets.xcassets in Resources */,
				CD1618092096CFAC00DF9301 /* Main.storyboard in Resources */,
			);
			runOnlyForDeploymentPostprocessing = 0;
		};
/* End PBXResourcesBuildPhase section */

/* Begin PBXSourcesBuildPhase section */
		CD1617FC2096CFAC00DF9301 /* Sources */ = {
			isa = PBXSourcesBuildPhase;
			buildActionMask = 2147483647;
			files = (
				CD16180C2096CFAC00DF9301 /* CoreDataL1.xcdatamodeld in Sources */,
				CD1618062096CFAC00DF9301 /* ViewController.swift in Sources */,
				CD1618042096CFAC00DF9301 /* AppDelegate.swift in Sources */,
			);
			runOnlyForDeploymentPostprocessing = 0;
		};
/* End PBXSourcesBuildPhase section */

/* Begin PBXVariantGroup section */
		CD1618072096CFAC00DF9301 /* Main.storyboard */ = {
			isa = PBXVariantGroup;
			children = (
				CD1618082096CFAC00DF9301 /* Base */,
			);
			name = Main.storyboard;
			sourceTree = "<group>";
		};
		CD16180F2096CFAD00DF9301 /* LaunchScreen.storyboard */ = {
			isa = PBXVariantGroup;
			children = (
				CD1618102096CFAD00DF9301 /* Base */,
			);
			name = LaunchScreen.storyboard;
			sourceTree = "<group>";
		};
/* End PBXVariantGroup section */

/* Begin XCBuildConfiguration section */
		CD1618132096CFAD00DF9301 /* Debug */ = {
			isa = XCBuildConfiguration;
			buildSettings = {
				ALWAYS_SEARCH_USER_PATHS = NO;
				CLANG_ANALYZER_NONNULL = YES;
				CLANG_ANALYZER_NUMBER_OBJECT_CONVERSION = YES_AGGRESSIVE;
				CLANG_CXX_LANGUAGE_STANDARD = "gnu++14";
				CLANG_CXX_LIBRARY = "libc++";
				CLANG_ENABLE_MODULES = YES;
				CLANG_ENABLE_OBJC_ARC = YES;
				CLANG_ENABLE_OBJC_WEAK = YES;
				CLANG_WARN_BLOCK_CAPTURE_AUTORELEASING = YES;
				CLANG_WARN_BOOL_CONVERSION = YES;
				CLANG_WARN_COMMA = YES;
				CLANG_WARN_CONSTANT_CONVERSION = YES;
				CLANG_WARN_DEPRECATED_OBJC_IMPLEMENTATIONS = YES;
				CLANG_WARN_DIRECT_OBJC_ISA_USAGE = YES_ERROR;
				CLANG_WARN_DOCUMENTATION_COMMENTS = YES;
				CLANG_WARN_EMPTY_BODY = YES;
				CLANG_WARN_ENUM_CONVERSION = YES;
				CLANG_WARN_INFINITE_RECURSION = YES;
				CLANG_WARN_INT_CONVERSION = YES;
				CLANG_WARN_NON_LITERAL_NULL_CONVERSION = YES;
				CLANG_WARN_OBJC_IMPLICIT_RETAIN_SELF = YES;
				CLANG_WARN_OBJC_LITERAL_CONVERSION = YES;
				CLANG_WARN_OBJC_ROOT_CLASS = YES_ERROR;
				CLANG_WARN_RANGE_LOOP_ANALYSIS = YES;
				CLANG_WARN_STRICT_PROTOTYPES = YES;
				CLANG_WARN_SUSPICIOUS_MOVE = YES;
				CLANG_WARN_UNGUARDED_AVAILABILITY = YES_AGGRESSIVE;
				CLANG_WARN_UNREACHABLE_CODE = YES;
				CLANG_WARN__DUPLICATE_METHOD_MATCH = YES;
				CODE_SIGN_IDENTITY = "iPhone Developer";
				COPY_PHASE_STRIP = NO;
				DEBUG_INFORMATION_FORMAT = dwarf;
				ENABLE_STRICT_OBJC_MSGSEND = YES;
				ENABLE_TESTABILITY = YES;
				GCC_C_LANGUAGE_STANDARD = gnu11;
				GCC_DYNAMIC_NO_PIC = NO;
				GCC_NO_COMMON_BLOCKS = YES;
				GCC_OPTIMIZATION_LEVEL = 0;
				GCC_PREPROCESSOR_DEFINITIONS = (
					"DEBUG=1",
					"$(inherited)",
				);
				GCC_WARN_64_TO_32_BIT_CONVERSION = YES;
				GCC_WARN_ABOUT_RETURN_TYPE = YES_ERROR;
				GCC_WARN_UNDECLARED_SELECTOR = YES;
				GCC_WARN_UNINITIALIZED_AUTOS = YES_AGGRESSIVE;
				GCC_WARN_UNUSED_FUNCTION = YES;
				GCC_WARN_UNUSED_VARIABLE = YES;
				IPHONEOS_DEPLOYMENT_TARGET = 11.3;
				MTL_ENABLE_DEBUG_INFO = YES;
				ONLY_ACTIVE_ARCH = YES;
				SDKROOT = iphoneos;
				SWIFT_ACTIVE_COMPILATION_CONDITIONS = DEBUG;
				SWIFT_OPTIMIZATION_LEVEL = "-Onone";
			};
			name = Debug;
		};
		CD1618142096CFAD00DF9301 /* Release */ = {
			isa = XCBuildConfiguration;
			buildSettings = {
				ALWAYS_SEARCH_USER_PATHS = NO;
				CLANG_ANALYZER_NONNULL = YES;
				CLANG_ANALYZER_NUMBER_OBJECT_CONVERSION = YES_AGGRESSIVE;
				CLANG_CXX_LANGUAGE_STANDARD = "gnu++14";
				CLANG_CXX_LIBRARY = "libc++";
				CLANG_ENABLE_MODULES = YES;
				CLANG_ENABLE_OBJC_ARC = YES;
				CLANG_ENABLE_OBJC_WEAK = YES;
				CLANG_WARN_BLOCK_CAPTURE_AUTORELEASING = YES;
				CLANG_WARN_BOOL_CONVERSION = YES;
				CLANG_WARN_COMMA = YES;
				CLANG_WARN_CONSTANT_CONVERSION = YES;
				CLANG_WARN_DEPRECATED_OBJC_IMPLEMENTATIONS = YES;
				CLANG_WARN_DIRECT_OBJC_ISA_USAGE = YES_ERROR;
				CLANG_WARN_DOCUMENTATION_COMMENTS = YES;
				CLANG_WARN_EMPTY_BODY = YES;
				CLANG_WARN_ENUM_CONVERSION = YES;
				CLANG_WARN_INFINITE_RECURSION = YES;
				CLANG_WARN_INT_CONVERSION = YES;
				CLANG_WARN_NON_LITERAL_NULL_CONVERSION = YES;
				CLANG_WARN_OBJC_IMPLICIT_RETAIN_SELF = YES;
				CLANG_WARN_OBJC_LITERAL_CONVERSION = YES;
				CLANG_WARN_OBJC_ROOT_CLASS = YES_ERROR;
				CLANG_WARN_RANGE_LOOP_ANALYSIS = YES;
				CLANG_WARN_STRICT_PROTOTYPES = YES;
				CLANG_WARN_SUSPICIOUS_MOVE = YES;
				CLANG_WARN_UNGUARDED_AVAILABILITY = YES_AGGRESSIVE;
				CLANG_WARN_UNREACHABLE_CODE = YES;
				CLANG_WARN__DUPLICATE_METHOD_MATCH = YES;
				CODE_SIGN_IDENTITY = "iPhone Developer";
				COPY_PHASE_STRIP = NO;
				DEBUG_INFORMATION_FORMAT = "dwarf-with-dsym";
				ENABLE_NS_ASSERTIONS = NO;
				ENABLE_STRICT_OBJC_MSGSEND = YES;
				GCC_C_LANGUAGE_STANDARD = gnu11;
				GCC_NO_COMMON_BLOCKS = YES;
				GCC_WARN_64_TO_32_BIT_CONVERSION = YES;
				GCC_WARN_ABOUT_RETURN_TYPE = YES_ERROR;
				GCC_WARN_UNDECLARED_SELECTOR = YES;
				GCC_WARN_UNINITIALIZED_AUTOS = YES_AGGRESSIVE;
				GCC_WARN_UNUSED_FUNCTION = YES;
				GCC_WARN_UNUSED_VARIABLE = YES;
				IPHONEOS_DEPLOYMENT_TARGET = 11.3;
				MTL_ENABLE_DEBUG_INFO = NO;
				SDKROOT = iphoneos;
				SWIFT_COMPILATION_MODE = wholemodule;
				SWIFT_OPTIMIZATION_LEVEL = "-O";
				VALIDATE_PRODUCT = YES;
			};
			name = Release;
		};
		CD1618162096CFAD00DF9301 /* Debug */ = {
			isa = XCBuildConfiguration;
			buildSettings = {
				ASSETCATALOG_COMPILER_APPICON_NAME = AppIcon;
				CODE_SIGN_STYLE = Automatic;
				INFOPLIST_FILE = CoreDataL1/Info.plist;
				LD_RUNPATH_SEARCH_PATHS = (
					"$(inherited)",
					"@executable_path/Frameworks",
				);
				PRODUCT_BUNDLE_IDENTIFIER = com.hwy.CoreDataL1;
				PRODUCT_NAME = "$(TARGET_NAME)";
				SWIFT_VERSION = 4.0;
				TARGETED_DEVICE_FAMILY = "1,2";
			};
			name = Debug;
		};
		CD1618172096CFAD00DF9301 /* Release */ = {
			isa = XCBuildConfiguration;
			buildSettings = {
				ASSETCATALOG_COMPILER_APPICON_NAME = AppIcon;
				CODE_SIGN_STYLE = Automatic;
				INFOPLIST_FILE = CoreDataL1/Info.plist;
				LD_RUNPATH_SEARCH_PATHS = (
					"$(inherited)",
					"@executable_path/Frameworks",
				);
				PRODUCT_BUNDLE_IDENTIFIER = com.hwy.CoreDataL1;
				PRODUCT_NAME = "$(TARGET_NAME)";
				SWIFT_VERSION = 4.0;
				TARGETED_DEVICE_FAMILY = "1,2";
			};
			name = Release;
		};
/* End XCBuildConfiguration section */

/* Begin XCConfigurationList section */
		CD1617FB2096CFAC00DF9301 /* Build configuration list for PBXProject "CoreDataL1" */ = {
			isa = XCConfigurationList;
			buildConfigurations = (
				CD1618132096CFAD00DF9301 /* Debug */,
				CD1618142096CFAD00DF9301 /* Release */,
			);
			defaultConfigurationIsVisible = 0;
			defaultConfigurationName = Release;
		};
		CD1618152096CFAD00DF9301 /* Build configuration list for PBXNativeTarget "CoreDataL1" */ = {
			isa = XCConfigurationList;
			buildConfigurations = (
				CD1618162096CFAD00DF9301 /* Debug */,
				CD1618172096CFAD00DF9301 /* Release */,
			);
			defaultConfigurationIsVisible = 0;
			defaultConfigurationName = Release;
		};
/* End XCConfigurationList section */

/* Begin XCVersionGroup section */
		CD16180A2096CFAC00DF9301 /* CoreDataL1.xcdatamodeld */ = {
			isa = XCVersionGroup;
			children = (
				CD16180B2096CFAC00DF9301 /* CoreDataL1.xcdatamodel */,
			);
			currentVersion = CD16180B2096CFAC00DF9301 /* CoreDataL1.xcdatamodel */;
			path = CoreDataL1.xcdatamodeld;
			sourceTree = "<group>";
			versionGroupType = wrapper.xcdatamodel;
		};
/* End XCVersionGroup section */
	};
	rootObject = CD1617F82096CFAC00DF9301 /* Project object */;
}
