// !$*UTF8*$!
{
	archiveVersion = 1;
	classes = {
	};
	objectVersion = 50;
	objects = {

/* Begin PBXBuildFile section */
		C68FD81620904A04007FE665 /* 3.jpg in Resources */ = {isa = PBXBuildFile; fileRef = C68FD81520904A04007FE665 /* 3.jpg */; };
		C6F7E1D1209015CB0079DE9C /* AppDelegate.swift in Sources */ = {isa = PBXBuildFile; fileRef = C6F7E1D0209015CB0079DE9C /* AppDelegate.swift */; };
		C6F7E1D3209015CB0079DE9C /* ViewController.swift in Sources */ = {isa = PBXBuildFile; fileRef = C6F7E1D2209015CB0079DE9C /* ViewController.swift */; };
		C6F7E1D6209015CB0079DE9C /* Main.storyboard in Resources */ = {isa = PBXBuildFile; fileRef = C6F7E1D4209015CB0079DE9C /* Main.storyboard */; };
		C6F7E1D8209015CB0079DE9C /* Assets.xcassets in Resources */ = {isa = PBXBuildFile; fileRef = C6F7E1D7209015CB0079DE9C /* Assets.xcassets */; };
		C6F7E1DB209015CB0079DE9C /* LaunchScreen.storyboard in Resources */ = {isa = PBXBuildFile; fileRef = C6F7E1D9209015CB0079DE9C /* LaunchScreen.storyboard */; };
		C6F7E1E420901D400079DE9C /* 1.jpg in Resources */ = {isa = PBXBuildFile; fileRef = C6F7E1E220901D400079DE9C /* 1.jpg */; };
		C6F7E1E520901D400079DE9C /* 2.jpeg in Resources */ = {isa = PBXBuildFile; fileRef = C6F7E1E320901D400079DE9C /* 2.jpeg */; };
/* End PBXBuildFile section */

/* Begin PBXFileReference section */
		C68FD81520904A04007FE665 /* 3.jpg */ = {isa = PBXFileReference; lastKnownFileType = image.jpeg; path = 3.jpg; sourceTree = "<group>"; };
		C6F7E1CD209015CB0079DE9C /* middleExam.app */ = {isa = PBXFileReference; explicitFileType = wrapper.application; includeInIndex = 0; path = middleExam.app; sourceTree = BUILT_PRODUCTS_DIR; };
		C6F7E1D0209015CB0079DE9C /* AppDelegate.swift */ = {isa = PBXFileReference; lastKnownFileType = sourcecode.swift; path = AppDelegate.swift; sourceTree = "<group>"; };
		C6F7E1D2209015CB0079DE9C /* ViewController.swift */ = {isa = PBXFileReference; lastKnownFileType = sourcecode.swift; path = ViewController.swift; sourceTree = "<group>"; };
		C6F7E1D5209015CB0079DE9C /* Base */ = {isa = PBXFileReference; lastKnownFileType = file.storyboard; name = Base; path = Base.lproj/Main.storyboard; sourceTree = "<group>"; };
		C6F7E1D7209015CB0079DE9C /* Assets.xcassets */ = {isa = PBXFileReference; lastKnownFileType = folder.assetcatalog; path = Assets.xcassets; sourceTree = "<group>"; };
		C6F7E1DA209015CB0079DE9C /* Base */ = {isa = PBXFileReference; lastKnownFileType = file.storyboard; name = Base; path = Base.lproj/LaunchScreen.storyboard; sourceTree = "<group>"; };
		C6F7E1DC209015CB0079DE9C /* Info.plist */ = {isa = PBXFileReference; lastKnownFileType = text.plist.xml; path = Info.plist; sourceTree = "<group>"; };
		C6F7E1E220901D400079DE9C /* 1.jpg */ = {isa = PBXFileReference; lastKnownFileType = image.jpeg; path = 1.jpg; sourceTree = "<group>"; };
		C6F7E1E320901D400079DE9C /* 2.jpeg */ = {isa = PBXFileReference; lastKnownFileType = image.jpeg; path = 2.jpeg; sourceTree = "<group>"; };
/* End PBXFileReference section */

/* Begin PBXFrameworksBuildPhase section */
		C6F7E1CA209015CB0079DE9C /* Frameworks */ = {
			isa = PBXFrameworksBuildPhase;
			buildActionMask = 2147483647;
			files = (
			);
			runOnlyForDeploymentPostprocessing = 0;
		};
/* End PBXFrameworksBuildPhase section */

/* Begin PBXGroup section */
		C6F7E1C4209015CB0079DE9C = {
			isa = PBXGroup;
			children = (
				C6F7E1E220901D400079DE9C /* 1.jpg */,
				C6F7E1E320901D400079DE9C /* 2.jpeg */,
				C68FD81520904A04007FE665 /* 3.jpg */,
				C6F7E1CF209015CB0079DE9C /* middleExam */,
				C6F7E1CE209015CB0079DE9C /* Products */,
			);
			sourceTree = "<group>";
		};
		C6F7E1CE209015CB0079DE9C /* Products */ = {
			isa = PBXGroup;
			children = (
				C6F7E1CD209015CB0079DE9C /* middleExam.app */,
			);
			name = Products;
			sourceTree = "<group>";
		};
		C6F7E1CF209015CB0079DE9C /* middleExam */ = {
			isa = PBXGroup;
			children = (
				C6F7E1D0209015CB0079DE9C /* AppDelegate.swift */,
				C6F7E1D2209015CB0079DE9C /* ViewController.swift */,
				C6F7E1D4209015CB0079DE9C /* Main.storyboard */,
				C6F7E1D7209015CB0079DE9C /* Assets.xcassets */,
				C6F7E1D9209015CB0079DE9C /* LaunchScreen.storyboard */,
				C6F7E1DC209015CB0079DE9C /* Info.plist */,
			);
			path = middleExam;
			sourceTree = "<group>";
		};
/* End PBXGroup section */

/* Begin PBXNativeTarget section */
		C6F7E1CC209015CB0079DE9C /* middleExam */ = {
			isa = PBXNativeTarget;
			buildConfigurationList = C6F7E1DF209015CB0079DE9C /* Build configuration list for PBXNativeTarget "middleExam" */;
			buildPhases = (
				C6F7E1C9209015CB0079DE9C /* Sources */,
				C6F7E1CA209015CB0079DE9C /* Frameworks */,
				C6F7E1CB209015CB0079DE9C /* Resources */,
			);
			buildRules = (
			);
			dependencies = (
			);
			name = middleExam;
			productName = middleExam;
			productReference = C6F7E1CD209015CB0079DE9C /* middleExam.app */;
			productType = "com.apple.product-type.application";
		};
/* End PBXNativeTarget section */

/* Begin PBXProject section */
		C6F7E1C5209015CB0079DE9C /* Project object */ = {
			isa = PBXProject;
			attributes = {
				LastSwiftUpdateCheck = 0930;
				LastUpgradeCheck = 0930;
				ORGANIZATIONNAME = ssw;
				TargetAttributes = {
					C6F7E1CC209015CB0079DE9C = {
						CreatedOnToolsVersion = 9.3;
					};
				};
			};
			buildConfigurationList = C6F7E1C8209015CB0079DE9C /* Build configuration list for PBXProject "middleExam" */;
			compatibilityVersion = "Xcode 9.3";
			developmentRegion = en;
			hasScannedForEncodings = 0;
			knownRegions = (
				en,
				Base,
			);
			mainGroup = C6F7E1C4209015CB0079DE9C;
			productRefGroup = C6F7E1CE209015CB0079DE9C /* Products */;
			projectDirPath = "";
			projectRoot = "";
			targets = (
				C6F7E1CC209015CB0079DE9C /* middleExam */,
			);
		};
/* End PBXProject section */

/* Begin PBXResourcesBuildPhase section */
		C6F7E1CB209015CB0079DE9C /* Resources */ = {
			isa = PBXResourcesBuildPhase;
			buildActionMask = 2147483647;
			files = (
				C6F7E1E520901D400079DE9C /* 2.jpeg in Resources */,
				C6F7E1DB209015CB0079DE9C /* LaunchScreen.storyboard in Resources */,
				C6F7E1E420901D400079DE9C /* 1.jpg in Resources */,
				C68FD81620904A04007FE665 /* 3.jpg in Resources */,
				C6F7E1D8209015CB0079DE9C /* Assets.xcassets in Resources */,
				C6F7E1D6209015CB0079DE9C /* Main.storyboard in Resources */,
			);
			runOnlyForDeploymentPostprocessing = 0;
		};
/* End PBXResourcesBuildPhase section */

/* Begin PBXSourcesBuildPhase section */
		C6F7E1C9209015CB0079DE9C /* Sources */ = {
			isa = PBXSourcesBuildPhase;
			buildActionMask = 2147483647;
			files = (
				C6F7E1D3209015CB0079DE9C /* ViewController.swift in Sources */,
				C6F7E1D1209015CB0079DE9C /* AppDelegate.swift in Sources */,
			);
			runOnlyForDeploymentPostprocessing = 0;
		};
/* End PBXSourcesBuildPhase section */

/* Begin PBXVariantGroup section */
		C6F7E1D4209015CB0079DE9C /* Main.storyboard */ = {
			isa = PBXVariantGroup;
			children = (
				C6F7E1D5209015CB0079DE9C /* Base */,
			);
			name = Main.storyboard;
			sourceTree = "<group>";
		};
		C6F7E1D9209015CB0079DE9C /* LaunchScreen.storyboard */ = {
			isa = PBXVariantGroup;
			children = (
				C6F7E1DA209015CB0079DE9C /* Base */,
			);
			name = LaunchScreen.storyboard;
			sourceTree = "<group>";
		};
/* End PBXVariantGroup section */

/* Begin XCBuildConfiguration section */
		C6F7E1DD209015CB0079DE9C /* Debug */ = {
			isa = XCBuildConfiguration;
			buildSettings = {
				ALWAYS_SEARCH_USER_PATHS = NO;
				CLANG_ANALYZER_NONNULL = YES;
				CLANG_ANALYZER_NUMBER_OBJECT_CONVERSION = YES_AGGRESSIVE;
				CLANG_CXX_LANGUAGE_STANDARD = "gnu++14";
				CLANG_CXX_LIBRARY = "libc++";
				CLANG_ENABLE_MODULES = YES;
				CLANG_ENABLE_OBJC_ARC = YES;
				CLANG_ENABLE_OBJC_WEAK = YES;
				CLANG_WARN_BLOCK_CAPTURE_AUTORELEASING = YES;
				CLANG_WARN_BOOL_CONVERSION = YES;
				CLANG_WARN_COMMA = YES;
				CLANG_WARN_CONSTANT_CONVERSION = YES;
				CLANG_WARN_DEPRECATED_OBJC_IMPLEMENTATIONS = YES;
				CLANG_WARN_DIRECT_OBJC_ISA_USAGE = YES_ERROR;
				CLANG_WARN_DOCUMENTATION_COMMENTS = YES;
				CLANG_WARN_EMPTY_BODY = YES;
				CLANG_WARN_ENUM_CONVERSION = YES;
				CLANG_WARN_INFINITE_RECURSION = YES;
				CLANG_WARN_INT_CONVERSION = YES;
				CLANG_WARN_NON_LITERAL_NULL_CONVERSION = YES;
				CLANG_WARN_OBJC_IMPLICIT_RETAIN_SELF = YES;
				CLANG_WARN_OBJC_LITERAL_CONVERSION = YES;
				CLANG_WARN_OBJC_ROOT_CLASS = YES_ERROR;
				CLANG_WARN_RANGE_LOOP_ANALYSIS = YES;
				CLANG_WARN_STRICT_PROTOTYPES = YES;
				CLANG_WARN_SUSPICIOUS_MOVE = YES;
				CLANG_WARN_UNGUARDED_AVAILABILITY = YES_AGGRESSIVE;
				CLANG_WARN_UNREACHABLE_CODE = YES;
				CLANG_WARN__DUPLICATE_METHOD_MATCH = YES;
				CODE_SIGN_IDENTITY = "iPhone Developer";
				COPY_PHASE_STRIP = NO;
				DEBUG_INFORMATION_FORMAT = dwarf;
				ENABLE_STRICT_OBJC_MSGSEND = YES;
				ENABLE_TESTABILITY = YES;
				GCC_C_LANGUAGE_STANDARD = gnu11;
				GCC_DYNAMIC_NO_PIC = NO;
				GCC_NO_COMMON_BLOCKS = YES;
				GCC_OPTIMIZATION_LEVEL = 0;
				GCC_PREPROCESSOR_DEFINITIONS = (
					"DEBUG=1",
					"$(inherited)",
				);
				GCC_WARN_64_TO_32_BIT_CONVERSION = YES;
				GCC_WARN_ABOUT_RETURN_TYPE = YES_ERROR;
				GCC_WARN_UNDECLARED_SELECTOR = YES;
				GCC_WARN_UNINITIALIZED_AUTOS = YES_AGGRESSIVE;
				GCC_WARN_UNUSED_FUNCTION = YES;
				GCC_WARN_UNUSED_VARIABLE = YES;
				IPHONEOS_DEPLOYMENT_TARGET = 11.3;
				MTL_ENABLE_DEBUG_INFO = YES;
				ONLY_ACTIVE_ARCH = YES;
				SDKROOT = iphoneos;
				SWIFT_ACTIVE_COMPILATION_CONDITIONS = DEBUG;
				SWIFT_OPTIMIZATION_LEVEL = "-Onone";
			};
			name = Debug;
		};
		C6F7E1DE209015CB0079DE9C /* Release */ = {
			isa = XCBuildConfiguration;
			buildSettings = {
				ALWAYS_SEARCH_USER_PATHS = NO;
				CLANG_ANALYZER_NONNULL = YES;
				CLANG_ANALYZER_NUMBER_OBJECT_CONVERSION = YES_AGGRESSIVE;
				CLANG_CXX_LANGUAGE_STANDARD = "gnu++14";
				CLANG_CXX_LIBRARY = "libc++";
				CLANG_ENABLE_MODULES = YES;
				CLANG_ENABLE_OBJC_ARC = YES;
				CLANG_ENABLE_OBJC_WEAK = YES;
				CLANG_WARN_BLOCK_CAPTURE_AUTORELEASING = YES;
				CLANG_WARN_BOOL_CONVERSION = YES;
				CLANG_WARN_COMMA = YES;
				CLANG_WARN_CONSTANT_CONVERSION = YES;
				CLANG_WARN_DEPRECATED_OBJC_IMPLEMENTATIONS = YES;
				CLANG_WARN_DIRECT_OBJC_ISA_USAGE = YES_ERROR;
				CLANG_WARN_DOCUMENTATION_COMMENTS = YES;
				CLANG_WARN_EMPTY_BODY = YES;
				CLANG_WARN_ENUM_CONVERSION = YES;
				CLANG_WARN_INFINITE_RECURSION = YES;
				CLANG_WARN_INT_CONVERSION = YES;
				CLANG_WARN_NON_LITERAL_NULL_CONVERSION = YES;
				CLANG_WARN_OBJC_IMPLICIT_RETAIN_SELF = YES;
				CLANG_WARN_OBJC_LITERAL_CONVERSION = YES;
				CLANG_WARN_OBJC_ROOT_CLASS = YES_ERROR;
				CLANG_WARN_RANGE_LOOP_ANALYSIS = YES;
				CLANG_WARN_STRICT_PROTOTYPES = YES;
				CLANG_WARN_SUSPICIOUS_MOVE = YES;
				CLANG_WARN_UNGUARDED_AVAILABILITY = YES_AGGRESSIVE;
				CLANG_WARN_UNREACHABLE_CODE = YES;
				CLANG_WARN__DUPLICATE_METHOD_MATCH = YES;
				CODE_SIGN_IDENTITY = "iPhone Developer";
				COPY_PHASE_STRIP = NO;
				DEBUG_INFORMATION_FORMAT = "dwarf-with-dsym";
				ENABLE_NS_ASSERTIONS = NO;
				ENABLE_STRICT_OBJC_MSGSEND = YES;
				GCC_C_LANGUAGE_STANDARD = gnu11;
				GCC_NO_COMMON_BLOCKS = YES;
				GCC_WARN_64_TO_32_BIT_CONVERSION = YES;
				GCC_WARN_ABOUT_RETURN_TYPE = YES_ERROR;
				GCC_WARN_UNDECLARED_SELECTOR = YES;
				GCC_WARN_UNINITIALIZED_AUTOS = YES_AGGRESSIVE;
				GCC_WARN_UNUSED_FUNCTION = YES;
				GCC_WARN_UNUSED_VARIABLE = YES;
				IPHONEOS_DEPLOYMENT_TARGET = 11.3;
				MTL_ENABLE_DEBUG_INFO = NO;
				SDKROOT = iphoneos;
				SWIFT_COMPILATION_MODE = wholemodule;
				SWIFT_OPTIMIZATION_LEVEL = "-O";
				VALIDATE_PRODUCT = YES;
			};
			name = Release;
		};
		C6F7E1E0209015CB0079DE9C /* Debug */ = {
			isa = XCBuildConfiguration;
			buildSettings = {
				ASSETCATALOG_COMPILER_APPICON_NAME = AppIcon;
				CODE_SIGN_STYLE = Automatic;
				INFOPLIST_FILE = middleExam/Info.plist;
				LD_RUNPATH_SEARCH_PATHS = (
					"$(inherited)",
					"@executable_path/Frameworks",
				);
				PRODUCT_BUNDLE_IDENTIFIER = com.ssw.middleExam;
				PRODUCT_NAME = "$(TARGET_NAME)";
				SWIFT_VERSION = 4.0;
				TARGETED_DEVICE_FAMILY = "1,2";
			};
			name = Debug;
		};
		C6F7E1E1209015CB0079DE9C /* Release */ = {
			isa = XCBuildConfiguration;
			buildSettings = {
				ASSETCATALOG_COMPILER_APPICON_NAME = AppIcon;
				CODE_SIGN_STYLE = Automatic;
				INFOPLIST_FILE = middleExam/Info.plist;
				LD_RUNPATH_SEARCH_PATHS = (
					"$(inherited)",
					"@executable_path/Frameworks",
				);
				PRODUCT_BUNDLE_IDENTIFIER = com.ssw.middleExam;
				PRODUCT_NAME = "$(TARGET_NAME)";
				SWIFT_VERSION = 4.0;
				TARGETED_DEVICE_FAMILY = "1,2";
			};
			name = Release;
		};
/* End XCBuildConfiguration section */

/* Begin XCConfigurationList section */
		C6F7E1C8209015CB0079DE9C /* Build configuration list for PBXProject "middleExam" */ = {
			isa = XCConfigurationList;
			buildConfigurations = (
				C6F7E1DD209015CB0079DE9C /* Debug */,
				C6F7E1DE209015CB0079DE9C /* Release */,
			);
			defaultConfigurationIsVisible = 0;
			defaultConfigurationName = Release;
		};
		C6F7E1DF209015CB0079DE9C /* Build configuration list for PBXNativeTarget "middleExam" */ = {
			isa = XCConfigurationList;
			buildConfigurations = (
				C6F7E1E0209015CB0079DE9C /* Debug */,
				C6F7E1E1209015CB0079DE9C /* Release */,
			);
			defaultConfigurationIsVisible = 0;
			defaultConfigurationName = Release;
		};
/* End XCConfigurationList section */
	};
	rootObject = C6F7E1C5209015CB0079DE9C /* Project object */;
}
