// !$*UTF8*$!
{
	archiveVersion = 1;
	classes = {
	};
	objectVersion = 50;
	objects = {

/* Begin PBXBuildFile section */
		D066D565209044AF000B814A /* AppDelegate.swift in Sources */ = {isa = PBXBuildFile; fileRef = D066D564209044AF000B814A /* AppDelegate.swift */; };
		D066D567209044AF000B814A /* ViewController.swift in Sources */ = {isa = PBXBuildFile; fileRef = D066D566209044AF000B814A /* ViewController.swift */; };
		D066D56A209044AF000B814A /* Main.storyboard in Resources */ = {isa = PBXBuildFile; fileRef = D066D568209044AF000B814A /* Main.storyboard */; };
		D066D56C209044AF000B814A /* Assets.xcassets in Resources */ = {isa = PBXBuildFile; fileRef = D066D56B209044AF000B814A /* Assets.xcassets */; };
		D066D56F209044AF000B814A /* LaunchScreen.storyboard in Resources */ = {isa = PBXBuildFile; fileRef = D066D56D209044AF000B814A /* LaunchScreen.storyboard */; };
		D066D579209044DD000B814A /* CanadaFlag.jpg in Resources */ = {isa = PBXBuildFile; fileRef = D066D576209044DD000B814A /* CanadaFlag.jpg */; };
		D066D57A209044DD000B814A /* KoreaFlag.jpg in Resources */ = {isa = PBXBuildFile; fileRef = D066D577209044DD000B814A /* KoreaFlag.jpg */; };
		D066D57B209044DD000B814A /* USFlag.jpg in Resources */ = {isa = PBXBuildFile; fileRef = D066D578209044DD000B814A /* USFlag.jpg */; };
		D066D58120904BCB000B814A /* England.jpeg in Resources */ = {isa = PBXBuildFile; fileRef = D066D57C20904BCA000B814A /* England.jpeg */; };
		D066D58220904BCB000B814A /* India.jpeg in Resources */ = {isa = PBXBuildFile; fileRef = D066D57D20904BCA000B814A /* India.jpeg */; };
		D066D58320904BCB000B814A /* Senegal.jpeg in Resources */ = {isa = PBXBuildFile; fileRef = D066D57E20904BCA000B814A /* Senegal.jpeg */; };
		D066D58420904BCB000B814A /* Japan.jpeg in Resources */ = {isa = PBXBuildFile; fileRef = D066D57F20904BCA000B814A /* Japan.jpeg */; };
		D066D58520904BCB000B814A /* Jamaica.jpeg in Resources */ = {isa = PBXBuildFile; fileRef = D066D58020904BCB000B814A /* Jamaica.jpeg */; };
/* End PBXBuildFile section */

/* Begin PBXFileReference section */
		D066D561209044AF000B814A /* iOS_2.app */ = {isa = PBXFileReference; explicitFileType = wrapper.application; includeInIndex = 0; path = "iOS_2.app"; sourceTree = BUILT_PRODUCTS_DIR; };
		D066D564209044AF000B814A /* AppDelegate.swift */ = {isa = PBXFileReference; lastKnownFileType = sourcecode.swift; path = AppDelegate.swift; sourceTree = "<group>"; };
		D066D566209044AF000B814A /* ViewController.swift */ = {isa = PBXFileReference; lastKnownFileType = sourcecode.swift; path = ViewController.swift; sourceTree = "<group>"; };
		D066D569209044AF000B814A /* Base */ = {isa = PBXFileReference; lastKnownFileType = file.storyboard; name = Base; path = Base.lproj/Main.storyboard; sourceTree = "<group>"; };
		D066D56B209044AF000B814A /* Assets.xcassets */ = {isa = PBXFileReference; lastKnownFileType = folder.assetcatalog; path = Assets.xcassets; sourceTree = "<group>"; };
		D066D56E209044AF000B814A /* Base */ = {isa = PBXFileReference; lastKnownFileType = file.storyboard; name = Base; path = Base.lproj/LaunchScreen.storyboard; sourceTree = "<group>"; };
		D066D570209044AF000B814A /* Info.plist */ = {isa = PBXFileReference; lastKnownFileType = text.plist.xml; path = Info.plist; sourceTree = "<group>"; };
		D066D576209044DD000B814A /* CanadaFlag.jpg */ = {isa = PBXFileReference; lastKnownFileType = image.jpeg; path = CanadaFlag.jpg; sourceTree = SOURCE_ROOT; };
		D066D577209044DD000B814A /* KoreaFlag.jpg */ = {isa = PBXFileReference; lastKnownFileType = image.jpeg; path = KoreaFlag.jpg; sourceTree = SOURCE_ROOT; };
		D066D578209044DD000B814A /* USFlag.jpg */ = {isa = PBXFileReference; lastKnownFileType = image.jpeg; path = USFlag.jpg; sourceTree = SOURCE_ROOT; };
		D066D57C20904BCA000B814A /* England.jpeg */ = {isa = PBXFileReference; lastKnownFileType = image.jpeg; path = England.jpeg; sourceTree = SOURCE_ROOT; };
		D066D57D20904BCA000B814A /* India.jpeg */ = {isa = PBXFileReference; lastKnownFileType = image.jpeg; path = India.jpeg; sourceTree = SOURCE_ROOT; };
		D066D57E20904BCA000B814A /* Senegal.jpeg */ = {isa = PBXFileReference; lastKnownFileType = image.jpeg; path = Senegal.jpeg; sourceTree = SOURCE_ROOT; };
		D066D57F20904BCA000B814A /* Japan.jpeg */ = {isa = PBXFileReference; lastKnownFileType = image.jpeg; path = Japan.jpeg; sourceTree = SOURCE_ROOT; };
		D066D58020904BCB000B814A /* Jamaica.jpeg */ = {isa = PBXFileReference; lastKnownFileType = image.jpeg; path = Jamaica.jpeg; sourceTree = SOURCE_ROOT; };
/* End PBXFileReference section */

/* Begin PBXFrameworksBuildPhase section */
		D066D55E209044AF000B814A /* Frameworks */ = {
			isa = PBXFrameworksBuildPhase;
			buildActionMask = 2147483647;
			files = (
			);
			runOnlyForDeploymentPostprocessing = 0;
		};
/* End PBXFrameworksBuildPhase section */

/* Begin PBXGroup section */
		D066D558209044AF000B814A = {
			isa = PBXGroup;
			children = (
				D066D563209044AF000B814A /* iOS_2 */,
				D066D562209044AF000B814A /* Products */,
			);
			sourceTree = "<group>";
		};
		D066D562209044AF000B814A /* Products */ = {
			isa = PBXGroup;
			children = (
				D066D561209044AF000B814A /* iOS_2.app */,
			);
			name = Products;
			sourceTree = "<group>";
		};
		D066D563209044AF000B814A /* iOS_2 */ = {
			isa = PBXGroup;
			children = (
				D066D564209044AF000B814A /* AppDelegate.swift */,
				D066D566209044AF000B814A /* ViewController.swift */,
				D066D568209044AF000B814A /* Main.storyboard */,
				D066D56B209044AF000B814A /* Assets.xcassets */,
				D066D56D209044AF000B814A /* LaunchScreen.storyboard */,
				D066D570209044AF000B814A /* Info.plist */,
				D066D576209044DD000B814A /* CanadaFlag.jpg */,
				D066D577209044DD000B814A /* KoreaFlag.jpg */,
				D066D578209044DD000B814A /* USFlag.jpg */,
				D066D57C20904BCA000B814A /* England.jpeg */,
				D066D57D20904BCA000B814A /* India.jpeg */,
				D066D58020904BCB000B814A /* Jamaica.jpeg */,
				D066D57F20904BCA000B814A /* Japan.jpeg */,
				D066D57E20904BCA000B814A /* Senegal.jpeg */,
			);
			path = "iOS_2";
			sourceTree = "<group>";
		};
/* End PBXGroup section */

/* Begin PBXNativeTarget section */
		D066D560209044AF000B814A /* iOS_2 */ = {
			isa = PBXNativeTarget;
			buildConfigurationList = D066D573209044AF000B814A /* Build configuration list for PBXNativeTarget "iOS_2" */;
			buildPhases = (
				D066D55D209044AF000B814A /* Sources */,
				D066D55E209044AF000B814A /* Frameworks */,
				D066D55F209044AF000B814A /* Resources */,
			);
			buildRules = (
			);
			dependencies = (
			);
			name = "iOS_2";
			productName = "iOS_2";
			productReference = D066D561209044AF000B814A /* iOS_2.app */;
			productType = "com.apple.product-type.application";
		};
/* End PBXNativeTarget section */

/* Begin PBXProject section */
		D066D559209044AF000B814A /* Project object */ = {
			isa = PBXProject;
			attributes = {
				LastSwiftUpdateCheck = 0930;
				LastUpgradeCheck = 0930;
				ORGANIZATIONNAME = "Hanmin Lee";
				TargetAttributes = {
					D066D560209044AF000B814A = {
						CreatedOnToolsVersion = 9.3;
					};
				};
			};
			buildConfigurationList = D066D55C209044AF000B814A /* Build configuration list for PBXProject "iOS_2" */;
			compatibilityVersion = "Xcode 9.3";
			developmentRegion = en;
			hasScannedForEncodings = 0;
			knownRegions = (
				en,
				Base,
			);
			mainGroup = D066D558209044AF000B814A;
			productRefGroup = D066D562209044AF000B814A /* Products */;
			projectDirPath = "";
			projectRoot = "";
			targets = (
				D066D560209044AF000B814A /* iOS_2 */,
			);
		};
/* End PBXProject section */

/* Begin PBXResourcesBuildPhase section */
		D066D55F209044AF000B814A /* Resources */ = {
			isa = PBXResourcesBuildPhase;
			buildActionMask = 2147483647;
			files = (
				D066D58420904BCB000B814A /* Japan.jpeg in Resources */,
				D066D58120904BCB000B814A /* England.jpeg in Resources */,
				D066D56F209044AF000B814A /* LaunchScreen.storyboard in Resources */,
				D066D57A209044DD000B814A /* KoreaFlag.jpg in Resources */,
				D066D58520904BCB000B814A /* Jamaica.jpeg in Resources */,
				D066D58220904BCB000B814A /* India.jpeg in Resources */,
				D066D56C209044AF000B814A /* Assets.xcassets in Resources */,
				D066D57B209044DD000B814A /* USFlag.jpg in Resources */,
				D066D58320904BCB000B814A /* Senegal.jpeg in Resources */,
				D066D56A209044AF000B814A /* Main.storyboard in Resources */,
				D066D579209044DD000B814A /* CanadaFlag.jpg in Resources */,
			);
			runOnlyForDeploymentPostprocessing = 0;
		};
/* End PBXResourcesBuildPhase section */

/* Begin PBXSourcesBuildPhase section */
		D066D55D209044AF000B814A /* Sources */ = {
			isa = PBXSourcesBuildPhase;
			buildActionMask = 2147483647;
			files = (
				D066D567209044AF000B814A /* ViewController.swift in Sources */,
				D066D565209044AF000B814A /* AppDelegate.swift in Sources */,
			);
			runOnlyForDeploymentPostprocessing = 0;
		};
/* End PBXSourcesBuildPhase section */

/* Begin PBXVariantGroup section */
		D066D568209044AF000B814A /* Main.storyboard */ = {
			isa = PBXVariantGroup;
			children = (
				D066D569209044AF000B814A /* Base */,
			);
			name = Main.storyboard;
			sourceTree = "<group>";
		};
		D066D56D209044AF000B814A /* LaunchScreen.storyboard */ = {
			isa = PBXVariantGroup;
			children = (
				D066D56E209044AF000B814A /* Base */,
			);
			name = LaunchScreen.storyboard;
			sourceTree = "<group>";
		};
/* End PBXVariantGroup section */

/* Begin XCBuildConfiguration section */
		D066D571209044AF000B814A /* Debug */ = {
			isa = XCBuildConfiguration;
			buildSettings = {
				ALWAYS_SEARCH_USER_PATHS = NO;
				CLANG_ANALYZER_NONNULL = YES;
				CLANG_ANALYZER_NUMBER_OBJECT_CONVERSION = YES_AGGRESSIVE;
				CLANG_CXX_LANGUAGE_STANDARD = "gnu++14";
				CLANG_CXX_LIBRARY = "libc++";
				CLANG_ENABLE_MODULES = YES;
				CLANG_ENABLE_OBJC_ARC = YES;
				CLANG_ENABLE_OBJC_WEAK = YES;
				CLANG_WARN_BLOCK_CAPTURE_AUTORELEASING = YES;
				CLANG_WARN_BOOL_CONVERSION = YES;
				CLANG_WARN_COMMA = YES;
				CLANG_WARN_CONSTANT_CONVERSION = YES;
				CLANG_WARN_DEPRECATED_OBJC_IMPLEMENTATIONS = YES;
				CLANG_WARN_DIRECT_OBJC_ISA_USAGE = YES_ERROR;
				CLANG_WARN_DOCUMENTATION_COMMENTS = YES;
				CLANG_WARN_EMPTY_BODY = YES;
				CLANG_WARN_ENUM_CONVERSION = YES;
				CLANG_WARN_INFINITE_RECURSION = YES;
				CLANG_WARN_INT_CONVERSION = YES;
				CLANG_WARN_NON_LITERAL_NULL_CONVERSION = YES;
				CLANG_WARN_OBJC_IMPLICIT_RETAIN_SELF = YES;
				CLANG_WARN_OBJC_LITERAL_CONVERSION = YES;
				CLANG_WARN_OBJC_ROOT_CLASS = YES_ERROR;
				CLANG_WARN_RANGE_LOOP_ANALYSIS = YES;
				CLANG_WARN_STRICT_PROTOTYPES = YES;
				CLANG_WARN_SUSPICIOUS_MOVE = YES;
				CLANG_WARN_UNGUARDED_AVAILABILITY = YES_AGGRESSIVE;
				CLANG_WARN_UNREACHABLE_CODE = YES;
				CLANG_WARN__DUPLICATE_METHOD_MATCH = YES;
				CODE_SIGN_IDENTITY = "iPhone Developer";
				COPY_PHASE_STRIP = NO;
				DEBUG_INFORMATION_FORMAT = dwarf;
				ENABLE_STRICT_OBJC_MSGSEND = YES;
				ENABLE_TESTABILITY = YES;
				GCC_C_LANGUAGE_STANDARD = gnu11;
				GCC_DYNAMIC_NO_PIC = NO;
				GCC_NO_COMMON_BLOCKS = YES;
				GCC_OPTIMIZATION_LEVEL = 0;
				GCC_PREPROCESSOR_DEFINITIONS = (
					"DEBUG=1",
					"$(inherited)",
				);
				GCC_WARN_64_TO_32_BIT_CONVERSION = YES;
				GCC_WARN_ABOUT_RETURN_TYPE = YES_ERROR;
				GCC_WARN_UNDECLARED_SELECTOR = YES;
				GCC_WARN_UNINITIALIZED_AUTOS = YES_AGGRESSIVE;
				GCC_WARN_UNUSED_FUNCTION = YES;
				GCC_WARN_UNUSED_VARIABLE = YES;
				IPHONEOS_DEPLOYMENT_TARGET = 11.3;
				MTL_ENABLE_DEBUG_INFO = YES;
				ONLY_ACTIVE_ARCH = YES;
				SDKROOT = iphoneos;
				SWIFT_ACTIVE_COMPILATION_CONDITIONS = DEBUG;
				SWIFT_OPTIMIZATION_LEVEL = "-Onone";
			};
			name = Debug;
		};
		D066D572209044AF000B814A /* Release */ = {
			isa = XCBuildConfiguration;
			buildSettings = {
				ALWAYS_SEARCH_USER_PATHS = NO;
				CLANG_ANALYZER_NONNULL = YES;
				CLANG_ANALYZER_NUMBER_OBJECT_CONVERSION = YES_AGGRESSIVE;
				CLANG_CXX_LANGUAGE_STANDARD = "gnu++14";
				CLANG_CXX_LIBRARY = "libc++";
				CLANG_ENABLE_MODULES = YES;
				CLANG_ENABLE_OBJC_ARC = YES;
				CLANG_ENABLE_OBJC_WEAK = YES;
				CLANG_WARN_BLOCK_CAPTURE_AUTORELEASING = YES;
				CLANG_WARN_BOOL_CONVERSION = YES;
				CLANG_WARN_COMMA = YES;
				CLANG_WARN_CONSTANT_CONVERSION = YES;
				CLANG_WARN_DEPRECATED_OBJC_IMPLEMENTATIONS = YES;
				CLANG_WARN_DIRECT_OBJC_ISA_USAGE = YES_ERROR;
				CLANG_WARN_DOCUMENTATION_COMMENTS = YES;
				CLANG_WARN_EMPTY_BODY = YES;
				CLANG_WARN_ENUM_CONVERSION = YES;
				CLANG_WARN_INFINITE_RECURSION = YES;
				CLANG_WARN_INT_CONVERSION = YES;
				CLANG_WARN_NON_LITERAL_NULL_CONVERSION = YES;
				CLANG_WARN_OBJC_IMPLICIT_RETAIN_SELF = YES;
				CLANG_WARN_OBJC_LITERAL_CONVERSION = YES;
				CLANG_WARN_OBJC_ROOT_CLASS = YES_ERROR;
				CLANG_WARN_RANGE_LOOP_ANALYSIS = YES;
				CLANG_WARN_STRICT_PROTOTYPES = YES;
				CLANG_WARN_SUSPICIOUS_MOVE = YES;
				CLANG_WARN_UNGUARDED_AVAILABILITY = YES_AGGRESSIVE;
				CLANG_WARN_UNREACHABLE_CODE = YES;
				CLANG_WARN__DUPLICATE_METHOD_MATCH = YES;
				CODE_SIGN_IDENTITY = "iPhone Developer";
				COPY_PHASE_STRIP = NO;
				DEBUG_INFORMATION_FORMAT = "dwarf-with-dsym";
				ENABLE_NS_ASSERTIONS = NO;
				ENABLE_STRICT_OBJC_MSGSEND = YES;
				GCC_C_LANGUAGE_STANDARD = gnu11;
				GCC_NO_COMMON_BLOCKS = YES;
				GCC_WARN_64_TO_32_BIT_CONVERSION = YES;
				GCC_WARN_ABOUT_RETURN_TYPE = YES_ERROR;
				GCC_WARN_UNDECLARED_SELECTOR = YES;
				GCC_WARN_UNINITIALIZED_AUTOS = YES_AGGRESSIVE;
				GCC_WARN_UNUSED_FUNCTION = YES;
				GCC_WARN_UNUSED_VARIABLE = YES;
				IPHONEOS_DEPLOYMENT_TARGET = 11.3;
				MTL_ENABLE_DEBUG_INFO = NO;
				SDKROOT = iphoneos;
				SWIFT_COMPILATION_MODE = wholemodule;
				SWIFT_OPTIMIZATION_LEVEL = "-O";
				VALIDATE_PRODUCT = YES;
			};
			name = Release;
		};
		D066D574209044AF000B814A /* Debug */ = {
			isa = XCBuildConfiguration;
			buildSettings = {
				ASSETCATALOG_COMPILER_APPICON_NAME = AppIcon;
				CODE_SIGN_STYLE = Automatic;
				INFOPLIST_FILE = "iOS_2/Info.plist";
				LD_RUNPATH_SEARCH_PATHS = (
					"$(inherited)",
					"@executable_path/Frameworks",
				);
				PRODUCT_BUNDLE_IDENTIFIER = "com.hml.iOS-Hanmin-2";
				PRODUCT_NAME = "$(TARGET_NAME)";
				SWIFT_VERSION = 4.0;
				TARGETED_DEVICE_FAMILY = "1,2";
			};
			name = Debug;
		};
		D066D575209044AF000B814A /* Release */ = {
			isa = XCBuildConfiguration;
			buildSettings = {
				ASSETCATALOG_COMPILER_APPICON_NAME = AppIcon;
				CODE_SIGN_STYLE = Automatic;
				INFOPLIST_FILE = "iOS_2/Info.plist";
				LD_RUNPATH_SEARCH_PATHS = (
					"$(inherited)",
					"@executable_path/Frameworks",
				);
				PRODUCT_BUNDLE_IDENTIFIER = "com.hml.iOS-Hanmin-2";
				PRODUCT_NAME = "$(TARGET_NAME)";
				SWIFT_VERSION = 4.0;
				TARGETED_DEVICE_FAMILY = "1,2";
			};
			name = Release;
		};
/* End XCBuildConfiguration section */

/* Begin XCConfigurationList section */
		D066D55C209044AF000B814A /* Build configuration list for PBXProject "iOS_2" */ = {
			isa = XCConfigurationList;
			buildConfigurations = (
				D066D571209044AF000B814A /* Debug */,
				D066D572209044AF000B814A /* Release */,
			);
			defaultConfigurationIsVisible = 0;
			defaultConfigurationName = Release;
		};
		D066D573209044AF000B814A /* Build configuration list for PBXNativeTarget "iOS_2" */ = {
			isa = XCConfigurationList;
			buildConfigurations = (
				D066D574209044AF000B814A /* Debug */,
				D066D575209044AF000B814A /* Release */,
			);
			defaultConfigurationIsVisible = 0;
			defaultConfigurationName = Release;
		};
/* End XCConfigurationList section */
	};
	rootObject = D066D559209044AF000B814A /* Project object */;
}
